// !$*UTF8*$!
{
	archiveVersion = 1;
	classes = {
	};
	objectVersion = 48;
	objects = {

/* Begin PBXBuildFile section */
		1BC4747A67356CF3BD847521 /* libPods-VirtualViewDemo.a in Frameworks */ = {isa = PBXBuildFile; fileRef = 4E6082ADC15A33D15C5B7130 /* libPods-VirtualViewDemo.a */; };
		926B400A200396DB0003D88E /* AppDelegate.m in Sources */ = {isa = PBXBuildFile; fileRef = 926B4009200396DB0003D88E /* AppDelegate.m */; };
		926B4012200396DB0003D88E /* Assets.xcassets in Resources */ = {isa = PBXBuildFile; fileRef = 926B4011200396DB0003D88E /* Assets.xcassets */; };
		926B4015200396DB0003D88E /* LaunchScreen.storyboard in Resources */ = {isa = PBXBuildFile; fileRef = 926B4013200396DB0003D88E /* LaunchScreen.storyboard */; };
		926B4018200396DB0003D88E /* main.m in Sources */ = {isa = PBXBuildFile; fileRef = 926B4017200396DB0003D88E /* main.m */; };
		926B402B200397AB0003D88E /* TestViewController.m in Sources */ = {isa = PBXBuildFile; fileRef = 926B4020200397AA0003D88E /* TestViewController.m */; };
		926B4034200397AB0003D88E /* MainViewController.m in Sources */ = {isa = PBXBuildFile; fileRef = 926B402A200397AB0003D88E /* MainViewController.m */; };
		92D80CE82030228100398A2B /* FrameLayout.out in Resources */ = {isa = PBXBuildFile; fileRef = 92D80CE22030228100398A2B /* FrameLayout.out */; };
		92D80CE92030228100398A2B /* NImage.out in Resources */ = {isa = PBXBuildFile; fileRef = 92D80CE32030228100398A2B /* NImage.out */; };
		92D80CEA2030228100398A2B /* NText.out in Resources */ = {isa = PBXBuildFile; fileRef = 92D80CE42030228100398A2B /* NText.out */; };
		92D80CEC2030228100398A2B /* VH2Layout.out in Resources */ = {isa = PBXBuildFile; fileRef = 92D80CE62030228100398A2B /* VH2Layout.out */; };
		92D80CED2030228100398A2B /* VHLayout.out in Resources */ = {isa = PBXBuildFile; fileRef = 92D80CE72030228100398A2B /* VHLayout.out */; };
		92D80CEF20303F3800398A2B /* GridLayout.out in Resources */ = {isa = PBXBuildFile; fileRef = 92D80CEE20303F3800398A2B /* GridLayout.out */; };
		92D80CF120305DFB00398A2B /* RatioLayout.out in Resources */ = {isa = PBXBuildFile; fileRef = 92D80CF020305DFB00398A2B /* RatioLayout.out */; };
		92D80CF32030646900398A2B /* CompileTool in Resources */ = {isa = PBXBuildFile; fileRef = 92D80CF22030646900398A2B /* CompileTool */; };
		92D80CF920328EC300398A2B /* NLine.out in Resources */ = {isa = PBXBuildFile; fileRef = 92D80CF820328EC300398A2B /* NLine.out */; };
		92D80CFB2032E67A00398A2B /* local_image.png in Resources */ = {isa = PBXBuildFile; fileRef = 92D80CFA2032E67A00398A2B /* local_image.png */; };
		92D80CFD2034614D00398A2B /* Container.out in Resources */ = {isa = PBXBuildFile; fileRef = 92D80CFC2034614D00398A2B /* Container.out */; };
		92D80D0020348C2200398A2B /* Grid.out in Resources */ = {isa = PBXBuildFile; fileRef = 92D80CFE20348C2200398A2B /* Grid.out */; };
		92D80D0120348C2200398A2B /* GridItem.out in Resources */ = {isa = PBXBuildFile; fileRef = 92D80CFF20348C2200398A2B /* GridItem.out */; };
		92D80D0420348CBA00398A2B /* ContainerViewController.m in Sources */ = {isa = PBXBuildFile; fileRef = 92D80D0320348CBA00398A2B /* ContainerViewController.m */; };
		92D80D0720348CC700398A2B /* GridViewController.m in Sources */ = {isa = PBXBuildFile; fileRef = 92D80D0620348CC700398A2B /* GridViewController.m */; };
/* End PBXBuildFile section */

/* Begin PBXFileReference section */
		4E6082ADC15A33D15C5B7130 /* libPods-VirtualViewDemo.a */ = {isa = PBXFileReference; explicitFileType = archive.ar; includeInIndex = 0; path = "libPods-VirtualViewDemo.a"; sourceTree = BUILT_PRODUCTS_DIR; };
		5D453CCE6CAF38791AE4FC62 /* Pods-VirtualViewDemo.debug.xcconfig */ = {isa = PBXFileReference; includeInIndex = 1; lastKnownFileType = text.xcconfig; name = "Pods-VirtualViewDemo.debug.xcconfig"; path = "../Pods/Target Support Files/Pods-VirtualViewDemo/Pods-VirtualViewDemo.debug.xcconfig"; sourceTree = "<group>"; };
		768018E4A5DF1EBDB7E8B550 /* Pods-VirtualViewDemo.release.xcconfig */ = {isa = PBXFileReference; includeInIndex = 1; lastKnownFileType = text.xcconfig; name = "Pods-VirtualViewDemo.release.xcconfig"; path = "../Pods/Target Support Files/Pods-VirtualViewDemo/Pods-VirtualViewDemo.release.xcconfig"; sourceTree = "<group>"; };
		926B4005200396DB0003D88E /* VirtualViewDemo.app */ = {isa = PBXFileReference; explicitFileType = wrapper.application; includeInIndex = 0; path = VirtualViewDemo.app; sourceTree = BUILT_PRODUCTS_DIR; };
		926B4008200396DB0003D88E /* AppDelegate.h */ = {isa = PBXFileReference; lastKnownFileType = sourcecode.c.h; path = AppDelegate.h; sourceTree = "<group>"; };
		926B4009200396DB0003D88E /* AppDelegate.m */ = {isa = PBXFileReference; lastKnownFileType = sourcecode.c.objc; path = AppDelegate.m; sourceTree = "<group>"; };
		926B4011200396DB0003D88E /* Assets.xcassets */ = {isa = PBXFileReference; lastKnownFileType = folder.assetcatalog; path = Assets.xcassets; sourceTree = "<group>"; };
		926B4014200396DB0003D88E /* Base */ = {isa = PBXFileReference; lastKnownFileType = file.storyboard; name = Base; path = Base.lproj/LaunchScreen.storyboard; sourceTree = "<group>"; };
		926B4016200396DB0003D88E /* Info.plist */ = {isa = PBXFileReference; lastKnownFileType = text.plist.xml; path = Info.plist; sourceTree = "<group>"; };
		926B4017200396DB0003D88E /* main.m */ = {isa = PBXFileReference; lastKnownFileType = sourcecode.c.objc; path = main.m; sourceTree = "<group>"; };
		926B401E200397AA0003D88E /* MainViewController.h */ = {isa = PBXFileReference; fileEncoding = 4; lastKnownFileType = sourcecode.c.h; path = MainViewController.h; sourceTree = "<group>"; };
		926B401F200397AA0003D88E /* TestViewController.h */ = {isa = PBXFileReference; fileEncoding = 4; lastKnownFileType = sourcecode.c.h; path = TestViewController.h; sourceTree = "<group>"; };
		926B4020200397AA0003D88E /* TestViewController.m */ = {isa = PBXFileReference; fileEncoding = 4; lastKnownFileType = sourcecode.c.objc; path = TestViewController.m; sourceTree = "<group>"; };
		926B402A200397AB0003D88E /* MainViewController.m */ = {isa = PBXFileReference; fileEncoding = 4; lastKnownFileType = sourcecode.c.objc; path = MainViewController.m; sourceTree = "<group>"; };
		92D80CE22030228100398A2B /* FrameLayout.out */ = {isa = PBXFileReference; lastKnownFileType = file; path = FrameLayout.out; sourceTree = "<group>"; };
		92D80CE32030228100398A2B /* NImage.out */ = {isa = PBXFileReference; lastKnownFileType = file; path = NImage.out; sourceTree = "<group>"; };
		92D80CE42030228100398A2B /* NText.out */ = {isa = PBXFileReference; lastKnownFileType = file; path = NText.out; sourceTree = "<group>"; };
		92D80CE62030228100398A2B /* VH2Layout.out */ = {isa = PBXFileReference; lastKnownFileType = file; path = VH2Layout.out; sourceTree = "<group>"; };
		92D80CE72030228100398A2B /* VHLayout.out */ = {isa = PBXFileReference; lastKnownFileType = file; path = VHLayout.out; sourceTree = "<group>"; };
		92D80CEE20303F3800398A2B /* GridLayout.out */ = {isa = PBXFileReference; lastKnownFileType = file; path = GridLayout.out; sourceTree = "<group>"; };
		92D80CF020305DFB00398A2B /* RatioLayout.out */ = {isa = PBXFileReference; lastKnownFileType = file; path = RatioLayout.out; sourceTree = "<group>"; };
		92D80CF22030646900398A2B /* CompileTool */ = {isa = PBXFileReference; lastKnownFileType = folder; name = CompileTool; path = ../../CompileTool; sourceTree = "<group>"; };
		92D80CF820328EC300398A2B /* NLine.out */ = {isa = PBXFileReference; lastKnownFileType = file; path = NLine.out; sourceTree = "<group>"; };
		92D80CFA2032E67A00398A2B /* local_image.png */ = {isa = PBXFileReference; lastKnownFileType = image.png; path = local_image.png; sourceTree = "<group>"; };
		92D80CFC2034614D00398A2B /* Container.out */ = {isa = PBXFileReference; lastKnownFileType = file; path = Container.out; sourceTree = "<group>"; };
		92D80CFE20348C2200398A2B /* Grid.out */ = {isa = PBXFileReference; lastKnownFileType = file; path = Grid.out; sourceTree = "<group>"; };
		92D80CFF20348C2200398A2B /* GridItem.out */ = {isa = PBXFileReference; lastKnownFileType = file; path = GridItem.out; sourceTree = "<group>"; };
		92D80D0220348CBA00398A2B /* ContainerViewController.h */ = {isa = PBXFileReference; lastKnownFileType = sourcecode.c.h; path = ContainerViewController.h; sourceTree = "<group>"; };
		92D80D0320348CBA00398A2B /* ContainerViewController.m */ = {isa = PBXFileReference; lastKnownFileType = sourcecode.c.objc; path = ContainerViewController.m; sourceTree = "<group>"; };
		92D80D0520348CC700398A2B /* GridViewController.h */ = {isa = PBXFileReference; lastKnownFileType = sourcecode.c.h; path = GridViewController.h; sourceTree = "<group>"; };
		92D80D0620348CC700398A2B /* GridViewController.m */ = {isa = PBXFileReference; lastKnownFileType = sourcecode.c.objc; path = GridViewController.m; sourceTree = "<group>"; };
/* End PBXFileReference section */

/* Begin PBXFrameworksBuildPhase section */
		926B4002200396DB0003D88E /* Frameworks */ = {
			isa = PBXFrameworksBuildPhase;
			buildActionMask = 2147483647;
			files = (
				1BC4747A67356CF3BD847521 /* libPods-VirtualViewDemo.a in Frameworks */,
			);
			runOnlyForDeploymentPostprocessing = 0;
		};
/* End PBXFrameworksBuildPhase section */

/* Begin PBXGroup section */
		5BF31C8813C4FB4B1625E7FA /* Frameworks */ = {
			isa = PBXGroup;
			children = (
				4E6082ADC15A33D15C5B7130 /* libPods-VirtualViewDemo.a */,
			);
			name = Frameworks;
			sourceTree = "<group>";
		};
		926B3FFC200396DB0003D88E = {
			isa = PBXGroup;
			children = (
				926B4007200396DB0003D88E /* VirtualViewDemo */,
				926B4006200396DB0003D88E /* Products */,
				A6608626A205E548240F1370 /* Pods */,
				5BF31C8813C4FB4B1625E7FA /* Frameworks */,
			);
			sourceTree = "<group>";
		};
		926B4006200396DB0003D88E /* Products */ = {
			isa = PBXGroup;
			children = (
				926B4005200396DB0003D88E /* VirtualViewDemo.app */,
			);
			name = Products;
			sourceTree = "<group>";
		};
		926B4007200396DB0003D88E /* VirtualViewDemo */ = {
			isa = PBXGroup;
			children = (
				92D80CF22030646900398A2B /* CompileTool */,
				92D80CE12030228100398A2B /* Resources */,
				926B4008200396DB0003D88E /* AppDelegate.h */,
				926B4016200396DB0003D88E /* Info.plist */,
				926B4009200396DB0003D88E /* AppDelegate.m */,
				926B401E200397AA0003D88E /* MainViewController.h */,
				926B402A200397AB0003D88E /* MainViewController.m */,
				926B401F200397AA0003D88E /* TestViewController.h */,
				926B4020200397AA0003D88E /* TestViewController.m */,
				92D80D0220348CBA00398A2B /* ContainerViewController.h */,
				92D80D0320348CBA00398A2B /* ContainerViewController.m */,
				92D80D0520348CC700398A2B /* GridViewController.h */,
				92D80D0620348CC700398A2B /* GridViewController.m */,
				926B4011200396DB0003D88E /* Assets.xcassets */,
				926B4013200396DB0003D88E /* LaunchScreen.storyboard */,
				926B4017200396DB0003D88E /* main.m */,
			);
			path = VirtualViewDemo;
			sourceTree = "<group>";
		};
		92D80CE12030228100398A2B /* Resources */ = {
			isa = PBXGroup;
			children = (
				92D80CE22030228100398A2B /* FrameLayout.out */,
				92D80CE72030228100398A2B /* VHLayout.out */,
				92D80CE62030228100398A2B /* VH2Layout.out */,
				92D80CEE20303F3800398A2B /* GridLayout.out */,
				92D80CF020305DFB00398A2B /* RatioLayout.out */,
				92D80CE42030228100398A2B /* NText.out */,
				92D80CF820328EC300398A2B /* NLine.out */,
				92D80CE32030228100398A2B /* NImage.out */,
				92D80CFC2034614D00398A2B /* Container.out */,
				92D80CFE20348C2200398A2B /* Grid.out */,
				92D80CFF20348C2200398A2B /* GridItem.out */,
				92D80CFA2032E67A00398A2B /* local_image.png */,
			);
			path = Resources;
			sourceTree = "<group>";
		};
		A6608626A205E548240F1370 /* Pods */ = {
			isa = PBXGroup;
			children = (
				5D453CCE6CAF38791AE4FC62 /* Pods-VirtualViewDemo.debug.xcconfig */,
				768018E4A5DF1EBDB7E8B550 /* Pods-VirtualViewDemo.release.xcconfig */,
			);
			name = Pods;
			sourceTree = "<group>";
		};
/* End PBXGroup section */

/* Begin PBXNativeTarget section */
		926B4004200396DB0003D88E /* VirtualViewDemo */ = {
			isa = PBXNativeTarget;
			buildConfigurationList = 926B401B200396DB0003D88E /* Build configuration list for PBXNativeTarget "VirtualViewDemo" */;
			buildPhases = (
				53A29639B7E78E1D43A68B53 /* [CP] Check Pods Manifest.lock */,
				926B4001200396DB0003D88E /* Sources */,
				926B4002200396DB0003D88E /* Frameworks */,
				92D80CCD20301D8700398A2B /* Sync VV Templates */,
				926B4003200396DB0003D88E /* Resources */,
				3E3797CD509908DD12D65663 /* [CP] Embed Pods Frameworks */,
				6E0EF3F7E60C2250DAA56429 /* [CP] Copy Pods Resources */,
			);
			buildRules = (
			);
			dependencies = (
			);
			name = VirtualViewDemo;
			productName = VirtualViewDemo;
			productReference = 926B4005200396DB0003D88E /* VirtualViewDemo.app */;
			productType = "com.apple.product-type.application";
		};
/* End PBXNativeTarget section */

/* Begin PBXProject section */
		926B3FFD200396DB0003D88E /* Project object */ = {
			isa = PBXProject;
			attributes = {
				LastUpgradeCheck = 0920;
				ORGANIZATIONNAME = tmall;
				TargetAttributes = {
					926B4004200396DB0003D88E = {
						CreatedOnToolsVersion = 9.2;
						ProvisioningStyle = Automatic;
					};
				};
			};
			buildConfigurationList = 926B4000200396DB0003D88E /* Build configuration list for PBXProject "VirtualViewDemo" */;
			compatibilityVersion = "Xcode 8.0";
			developmentRegion = en;
			hasScannedForEncodings = 0;
			knownRegions = (
				en,
				Base,
			);
			mainGroup = 926B3FFC200396DB0003D88E;
			productRefGroup = 926B4006200396DB0003D88E /* Products */;
			projectDirPath = "";
			projectRoot = "";
			targets = (
				926B4004200396DB0003D88E /* VirtualViewDemo */,
			);
		};
/* End PBXProject section */

/* Begin PBXResourcesBuildPhase section */
		926B4003200396DB0003D88E /* Resources */ = {
			isa = PBXResourcesBuildPhase;
			buildActionMask = 2147483647;
			files = (
				92D80CEF20303F3800398A2B /* GridLayout.out in Resources */,
				92D80CFD2034614D00398A2B /* Container.out in Resources */,
				92D80CF120305DFB00398A2B /* RatioLayout.out in Resources */,
				92D80CEA2030228100398A2B /* NText.out in Resources */,
				926B4015200396DB0003D88E /* LaunchScreen.storyboard in Resources */,
				92D80CFB2032E67A00398A2B /* local_image.png in Resources */,
				92D80CF920328EC300398A2B /* NLine.out in Resources */,
				92D80CEC2030228100398A2B /* VH2Layout.out in Resources */,
				92D80CE92030228100398A2B /* NImage.out in Resources */,
				92D80CE82030228100398A2B /* FrameLayout.out in Resources */,
				92D80CED2030228100398A2B /* VHLayout.out in Resources */,
				92D80D0120348C2200398A2B /* GridItem.out in Resources */,
				926B4012200396DB0003D88E /* Assets.xcassets in Resources */,
				92D80D0020348C2200398A2B /* Grid.out in Resources */,
				92D80CF32030646900398A2B /* CompileTool in Resources */,
			);
			runOnlyForDeploymentPostprocessing = 0;
		};
/* End PBXResourcesBuildPhase section */

/* Begin PBXShellScriptBuildPhase section */
		3E3797CD509908DD12D65663 /* [CP] Embed Pods Frameworks */ = {
			isa = PBXShellScriptBuildPhase;
			buildActionMask = 2147483647;
			files = (
			);
			inputPaths = (
			);
			name = "[CP] Embed Pods Frameworks";
			outputPaths = (
			);
			runOnlyForDeploymentPostprocessing = 0;
			shellPath = /bin/sh;
			shellScript = "\"${SRCROOT}/../Pods/Target Support Files/Pods-VirtualViewDemo/Pods-VirtualViewDemo-frameworks.sh\"\n";
			showEnvVarsInLog = 0;
		};
		53A29639B7E78E1D43A68B53 /* [CP] Check Pods Manifest.lock */ = {
			isa = PBXShellScriptBuildPhase;
			buildActionMask = 2147483647;
			files = (
			);
			inputPaths = (
				"${PODS_PODFILE_DIR_PATH}/Podfile.lock",
				"${PODS_ROOT}/Manifest.lock",
			);
			name = "[CP] Check Pods Manifest.lock";
			outputPaths = (
				"$(DERIVED_FILE_DIR)/Pods-VirtualViewDemo-checkManifestLockResult.txt",
			);
			runOnlyForDeploymentPostprocessing = 0;
			shellPath = /bin/sh;
			shellScript = "diff \"${PODS_PODFILE_DIR_PATH}/Podfile.lock\" \"${PODS_ROOT}/Manifest.lock\" > /dev/null\nif [ $? != 0 ] ; then\n    # print error to STDERR\n    echo \"error: The sandbox is not in sync with the Podfile.lock. Run 'pod install' or update your CocoaPods installation.\" >&2\n    exit 1\nfi\n# This output is used by Xcode 'outputs' to avoid re-running this script phase.\necho \"SUCCESS\" > \"${SCRIPT_OUTPUT_FILE_0}\"\n";
			showEnvVarsInLog = 0;
		};
		6E0EF3F7E60C2250DAA56429 /* [CP] Copy Pods Resources */ = {
			isa = PBXShellScriptBuildPhase;
			buildActionMask = 2147483647;
			files = (
			);
			inputPaths = (
			);
			name = "[CP] Copy Pods Resources";
			outputPaths = (
			);
			runOnlyForDeploymentPostprocessing = 0;
			shellPath = /bin/sh;
			shellScript = "\"${SRCROOT}/../Pods/Target Support Files/Pods-VirtualViewDemo/Pods-VirtualViewDemo-resources.sh\"\n";
			showEnvVarsInLog = 0;
		};
		92D80CCD20301D8700398A2B /* Sync VV Templates */ = {
			isa = PBXShellScriptBuildPhase;
			buildActionMask = 2147483647;
			files = (
			);
			inputPaths = (
			);
			name = "Sync VV Templates";
			outputPaths = (
			);
			runOnlyForDeploymentPostprocessing = 0;
			shellPath = /bin/sh;
			shellScript = "sh ${PROJECT_DIR}/../CompileTool/buildTemplate.sh\nsh ${PROJECT_DIR}/../CompileTool/copyOutFile.sh";
			showEnvVarsInLog = 0;
		};
/* End PBXShellScriptBuildPhase section */

/* Begin PBXSourcesBuildPhase section */
		926B4001200396DB0003D88E /* Sources */ = {
			isa = PBXSourcesBuildPhase;
			buildActionMask = 2147483647;
			files = (
				926B402B200397AB0003D88E /* TestViewController.m in Sources */,
				926B4018200396DB0003D88E /* main.m in Sources */,
				926B400A200396DB0003D88E /* AppDelegate.m in Sources */,
				926B4034200397AB0003D88E /* MainViewController.m in Sources */,
				92D80D0720348CC700398A2B /* GridViewController.m in Sources */,
				92D80D0420348CBA00398A2B /* ContainerViewController.m in Sources */,
			);
			runOnlyForDeploymentPostprocessing = 0;
		};
/* End PBXSourcesBuildPhase section */

/* Begin PBXVariantGroup section */
		926B4013200396DB0003D88E /* LaunchScreen.storyboard */ = {
			isa = PBXVariantGroup;
			children = (
				926B4014200396DB0003D88E /* Base */,
			);
			name = LaunchScreen.storyboard;
			sourceTree = "<group>";
		};
/* End PBXVariantGroup section */

/* Begin XCBuildConfiguration section */
		926B4019200396DB0003D88E /* Debug */ = {
			isa = XCBuildConfiguration;
			buildSettings = {
				ALWAYS_SEARCH_USER_PATHS = NO;
				CLANG_ANALYZER_NONNULL = YES;
				CLANG_ANALYZER_NUMBER_OBJECT_CONVERSION = YES_AGGRESSIVE;
				CLANG_CXX_LANGUAGE_STANDARD = "gnu++14";
				CLANG_CXX_LIBRARY = "libc++";
				CLANG_ENABLE_MODULES = YES;
				CLANG_ENABLE_OBJC_ARC = YES;
				CLANG_WARN_BLOCK_CAPTURE_AUTORELEASING = YES;
				CLANG_WARN_BOOL_CONVERSION = YES;
				CLANG_WARN_COMMA = YES;
				CLANG_WARN_CONSTANT_CONVERSION = YES;
				CLANG_WARN_DIRECT_OBJC_ISA_USAGE = YES_ERROR;
				CLANG_WARN_DOCUMENTATION_COMMENTS = YES;
				CLANG_WARN_EMPTY_BODY = YES;
				CLANG_WARN_ENUM_CONVERSION = YES;
				CLANG_WARN_INFINITE_RECURSION = YES;
				CLANG_WARN_INT_CONVERSION = YES;
				CLANG_WARN_NON_LITERAL_NULL_CONVERSION = YES;
				CLANG_WARN_OBJC_LITERAL_CONVERSION = YES;
				CLANG_WARN_OBJC_ROOT_CLASS = YES_ERROR;
				CLANG_WARN_RANGE_LOOP_ANALYSIS = YES;
				CLANG_WARN_STRICT_PROTOTYPES = YES;
				CLANG_WARN_SUSPICIOUS_MOVE = YES;
				CLANG_WARN_UNGUARDED_AVAILABILITY = YES_AGGRESSIVE;
				CLANG_WARN_UNREACHABLE_CODE = YES;
				CLANG_WARN__DUPLICATE_METHOD_MATCH = YES;
				CODE_SIGN_IDENTITY = "iPhone Developer";
				COPY_PHASE_STRIP = NO;
				DEBUG_INFORMATION_FORMAT = dwarf;
				ENABLE_STRICT_OBJC_MSGSEND = YES;
				ENABLE_TESTABILITY = YES;
				GCC_C_LANGUAGE_STANDARD = gnu11;
				GCC_DYNAMIC_NO_PIC = NO;
				GCC_NO_COMMON_BLOCKS = YES;
				GCC_OPTIMIZATION_LEVEL = 0;
				GCC_PREPROCESSOR_DEFINITIONS = (
					"DEBUG=1",
					"$(inherited)",
				);
				GCC_WARN_64_TO_32_BIT_CONVERSION = YES;
				GCC_WARN_ABOUT_RETURN_TYPE = YES_ERROR;
				GCC_WARN_UNDECLARED_SELECTOR = YES;
				GCC_WARN_UNINITIALIZED_AUTOS = YES_AGGRESSIVE;
				GCC_WARN_UNUSED_FUNCTION = YES;
				GCC_WARN_UNUSED_VARIABLE = YES;
				IPHONEOS_DEPLOYMENT_TARGET = 8.0;
				MTL_ENABLE_DEBUG_INFO = YES;
				ONLY_ACTIVE_ARCH = YES;
				SDKROOT = iphoneos;
			};
			name = Debug;
		};
		926B401A200396DB0003D88E /* Release */ = {
			isa = XCBuildConfiguration;
			buildSettings = {
				ALWAYS_SEARCH_USER_PATHS = NO;
				CLANG_ANALYZER_NONNULL = YES;
				CLANG_ANALYZER_NUMBER_OBJECT_CONVERSION = YES_AGGRESSIVE;
				CLANG_CXX_LANGUAGE_STANDARD = "gnu++14";
				CLANG_CXX_LIBRARY = "libc++";
				CLANG_ENABLE_MODULES = YES;
				CLANG_ENABLE_OBJC_ARC = YES;
				CLANG_WARN_BLOCK_CAPTURE_AUTORELEASING = YES;
				CLANG_WARN_BOOL_CONVERSION = YES;
				CLANG_WARN_COMMA = YES;
				CLANG_WARN_CONSTANT_CONVERSION = YES;
				CLANG_WARN_DIRECT_OBJC_ISA_USAGE = YES_ERROR;
				CLANG_WARN_DOCUMENTATION_COMMENTS = YES;
				CLANG_WARN_EMPTY_BODY = YES;
				CLANG_WARN_ENUM_CONVERSION = YES;
				CLANG_WARN_INFINITE_RECURSION = YES;
				CLANG_WARN_INT_CONVERSION = YES;
				CLANG_WARN_NON_LITERAL_NULL_CONVERSION = YES;
				CLANG_WARN_OBJC_LITERAL_CONVERSION = YES;
				CLANG_WARN_OBJC_ROOT_CLASS = YES_ERROR;
				CLANG_WARN_RANGE_LOOP_ANALYSIS = YES;
				CLANG_WARN_STRICT_PROTOTYPES = YES;
				CLANG_WARN_SUSPICIOUS_MOVE = YES;
				CLANG_WARN_UNGUARDED_AVAILABILITY = YES_AGGRESSIVE;
				CLANG_WARN_UNREACHABLE_CODE = YES;
				CLANG_WARN__DUPLICATE_METHOD_MATCH = YES;
				CODE_SIGN_IDENTITY = "iPhone Developer";
				COPY_PHASE_STRIP = NO;
				DEBUG_INFORMATION_FORMAT = "dwarf-with-dsym";
				ENABLE_NS_ASSERTIONS = NO;
				ENABLE_STRICT_OBJC_MSGSEND = YES;
				GCC_C_LANGUAGE_STANDARD = gnu11;
				GCC_NO_COMMON_BLOCKS = YES;
				GCC_WARN_64_TO_32_BIT_CONVERSION = YES;
				GCC_WARN_ABOUT_RETURN_TYPE = YES_ERROR;
				GCC_WARN_UNDECLARED_SELECTOR = YES;
				GCC_WARN_UNINITIALIZED_AUTOS = YES_AGGRESSIVE;
				GCC_WARN_UNUSED_FUNCTION = YES;
				GCC_WARN_UNUSED_VARIABLE = YES;
				IPHONEOS_DEPLOYMENT_TARGET = 8.0;
				MTL_ENABLE_DEBUG_INFO = NO;
				SDKROOT = iphoneos;
				VALIDATE_PRODUCT = YES;
			};
			name = Release;
		};
		926B401C200396DB0003D88E /* Debug */ = {
			isa = XCBuildConfiguration;
			baseConfigurationReference = 5D453CCE6CAF38791AE4FC62 /* Pods-VirtualViewDemo.debug.xcconfig */;
			buildSettings = {
				ASSETCATALOG_COMPILER_APPICON_NAME = AppIcon;
				CODE_SIGN_STYLE = Automatic;
				DEVELOPMENT_TEAM = "";
				INFOPLIST_FILE = VirtualViewDemo/Info.plist;
				LD_RUNPATH_SEARCH_PATHS = "$(inherited) @executable_path/Frameworks";
				PRODUCT_BUNDLE_IDENTIFIER = tmall.VirtualViewDemo;
				PRODUCT_NAME = "$(TARGET_NAME)";
				TARGETED_DEVICE_FAMILY = 1;
			};
			name = Debug;
		};
		926B401D200396DB0003D88E /* Release */ = {
			isa = XCBuildConfiguration;
			baseConfigurationReference = 768018E4A5DF1EBDB7E8B550 /* Pods-VirtualViewDemo.release.xcconfig */;
			buildSettings = {
				ASSETCATALOG_COMPILER_APPICON_NAME = AppIcon;
				CODE_SIGN_STYLE = Automatic;
				DEVELOPMENT_TEAM = "";
				INFOPLIST_FILE = VirtualViewDemo/Info.plist;
				LD_RUNPATH_SEARCH_PATHS = "$(inherited) @executable_path/Frameworks";
				PRODUCT_BUNDLE_IDENTIFIER = tmall.VirtualViewDemo;
				PRODUCT_NAME = "$(TARGET_NAME)";
				TARGETED_DEVICE_FAMILY = 1;
			};
			name = Release;
		};
/* End XCBuildConfiguration section */

/* Begin XCConfigurationList section */
		926B4000200396DB0003D88E /* Build configuration list for PBXProject "VirtualViewDemo" */ = {
			isa = XCConfigurationList;
			buildConfigurations = (
				926B4019200396DB0003D88E /* Debug */,
				926B401A200396DB0003D88E /* Release */,
			);
			defaultConfigurationIsVisible = 0;
			defaultConfigurationName = Release;
		};
		926B401B200396DB0003D88E /* Build configuration list for PBXNativeTarget "VirtualViewDemo" */ = {
			isa = XCConfigurationList;
			buildConfigurations = (
				926B401C200396DB0003D88E /* Debug */,
				926B401D200396DB0003D88E /* Release */,
			);
			defaultConfigurationIsVisible = 0;
			defaultConfigurationName = Release;
		};
/* End XCConfigurationList section */
	};
	rootObject = 926B3FFD200396DB0003D88E /* Project object */;
}
