// !$*UTF8*$!
{
	archiveVersion = 1;
	classes = {
	};
	objectVersion = 48;
	objects = {

/* Begin PBXBuildFile section */
		0F6AF8B1D68BFDFA902BA35E /* libPods-VirtualViewTest.a in Frameworks */ = {isa = PBXBuildFile; fileRef = F02F4632E61BA36C34599908 /* libPods-VirtualViewTest.a */; };
		926B40442004950B0003D88E /* BinaryReaderTest.m in Sources */ = {isa = PBXBuildFile; fileRef = 926B40432004950B0003D88E /* BinaryReaderTest.m */; };
		926CFAC62008BDCB003C0BCE /* BinaryLoaderTest.m in Sources */ = {isa = PBXBuildFile; fileRef = 926CFAC52008BDCB003C0BCE /* BinaryLoaderTest.m */; };
		926CFAC82008BE25003C0BCE /* icon.out in Resources */ = {isa = PBXBuildFile; fileRef = 926CFAC72008BE25003C0BCE /* icon.out */; };
		926CFAD0200CCBDE003C0BCE /* Progress.out in Resources */ = {isa = PBXBuildFile; fileRef = 926CFAC9200CCBDE003C0BCE /* Progress.out */; };
		926CFAD1200CCBDE003C0BCE /* RatioLayout.out in Resources */ = {isa = PBXBuildFile; fileRef = 926CFACA200CCBDE003C0BCE /* RatioLayout.out */; };
		926CFAD2200CCBDE003C0BCE /* FrameLayout.out in Resources */ = {isa = PBXBuildFile; fileRef = 926CFACB200CCBDE003C0BCE /* FrameLayout.out */; };
		926CFAD3200CCBDE003C0BCE /* NLine.out in Resources */ = {isa = PBXBuildFile; fileRef = 926CFACC200CCBDE003C0BCE /* NLine.out */; };
		926CFAD4200CCBDE003C0BCE /* VHLayout.out in Resources */ = {isa = PBXBuildFile; fileRef = 926CFACD200CCBDE003C0BCE /* VHLayout.out */; };
		926CFAD5200CCBDE003C0BCE /* NImage.out in Resources */ = {isa = PBXBuildFile; fileRef = 926CFACE200CCBDE003C0BCE /* NImage.out */; };
		926CFAD6200CCBDE003C0BCE /* NText.out in Resources */ = {isa = PBXBuildFile; fileRef = 926CFACF200CCBDE003C0BCE /* NText.out */; };
		926CFAD8200CCC30003C0BCE /* TemplateManagerTest.m in Sources */ = {isa = PBXBuildFile; fileRef = 926CFAD7200CCC30003C0BCE /* TemplateManagerTest.m */; };
/* End PBXBuildFile section */

/* Begin PBXFileReference section */
		688CD224F6AFCE964D460440 /* Pods-VirtualViewTest.release.xcconfig */ = {isa = PBXFileReference; includeInIndex = 1; lastKnownFileType = text.xcconfig; name = "Pods-VirtualViewTest.release.xcconfig"; path = "../Pods/Target Support Files/Pods-VirtualViewTest/Pods-VirtualViewTest.release.xcconfig"; sourceTree = "<group>"; };
		6EFC15229C5C269C01727023 /* Pods-VirtualViewTest.debug.xcconfig */ = {isa = PBXFileReference; includeInIndex = 1; lastKnownFileType = text.xcconfig; name = "Pods-VirtualViewTest.debug.xcconfig"; path = "../Pods/Target Support Files/Pods-VirtualViewTest/Pods-VirtualViewTest.debug.xcconfig"; sourceTree = "<group>"; };
		926B40402004950B0003D88E /* VirtualViewTest.xctest */ = {isa = PBXFileReference; explicitFileType = wrapper.cfbundle; includeInIndex = 0; path = VirtualViewTest.xctest; sourceTree = BUILT_PRODUCTS_DIR; };
		926B40432004950B0003D88E /* BinaryReaderTest.m */ = {isa = PBXFileReference; lastKnownFileType = sourcecode.c.objc; path = BinaryReaderTest.m; sourceTree = "<group>"; };
		926B40452004950B0003D88E /* Info.plist */ = {isa = PBXFileReference; lastKnownFileType = text.plist.xml; path = Info.plist; sourceTree = "<group>"; };
		926CFAC52008BDCB003C0BCE /* BinaryLoaderTest.m */ = {isa = PBXFileReference; lastKnownFileType = sourcecode.c.objc; path = BinaryLoaderTest.m; sourceTree = "<group>"; };
		926CFAC72008BE25003C0BCE /* icon.out */ = {isa = PBXFileReference; lastKnownFileType = file; path = icon.out; sourceTree = "<group>"; };
		926CFAC9200CCBDE003C0BCE /* Progress.out */ = {isa = PBXFileReference; lastKnownFileType = file; path = Progress.out; sourceTree = "<group>"; };
		926CFACA200CCBDE003C0BCE /* RatioLayout.out */ = {isa = PBXFileReference; lastKnownFileType = file; path = RatioLayout.out; sourceTree = "<group>"; };
		926CFACB200CCBDE003C0BCE /* FrameLayout.out */ = {isa = PBXFileReference; lastKnownFileType = file; path = FrameLayout.out; sourceTree = "<group>"; };
		926CFACC200CCBDE003C0BCE /* NLine.out */ = {isa = PBXFileReference; lastKnownFileType = file; path = NLine.out; sourceTree = "<group>"; };
		926CFACD200CCBDE003C0BCE /* VHLayout.out */ = {isa = PBXFileReference; lastKnownFileType = file; path = VHLayout.out; sourceTree = "<group>"; };
		926CFACE200CCBDE003C0BCE /* NImage.out */ = {isa = PBXFileReference; lastKnownFileType = file; path = NImage.out; sourceTree = "<group>"; };
		926CFACF200CCBDE003C0BCE /* NText.out */ = {isa = PBXFileReference; lastKnownFileType = file; path = NText.out; sourceTree = "<group>"; };
		926CFAD7200CCC30003C0BCE /* TemplateManagerTest.m */ = {isa = PBXFileReference; lastKnownFileType = sourcecode.c.objc; path = TemplateManagerTest.m; sourceTree = "<group>"; };
		F02F4632E61BA36C34599908 /* libPods-VirtualViewTest.a */ = {isa = PBXFileReference; explicitFileType = archive.ar; includeInIndex = 0; path = "libPods-VirtualViewTest.a"; sourceTree = BUILT_PRODUCTS_DIR; };
/* End PBXFileReference section */

/* Begin PBXFrameworksBuildPhase section */
		926B403D2004950B0003D88E /* Frameworks */ = {
			isa = PBXFrameworksBuildPhase;
			buildActionMask = 2147483647;
			files = (
				0F6AF8B1D68BFDFA902BA35E /* libPods-VirtualViewTest.a in Frameworks */,
			);
			runOnlyForDeploymentPostprocessing = 0;
		};
/* End PBXFrameworksBuildPhase section */

/* Begin PBXGroup section */
		3474922AB4A7934267F04AE6 /* Pods */ = {
			isa = PBXGroup;
			children = (
				6EFC15229C5C269C01727023 /* Pods-VirtualViewTest.debug.xcconfig */,
				688CD224F6AFCE964D460440 /* Pods-VirtualViewTest.release.xcconfig */,
			);
			name = Pods;
			sourceTree = "<group>";
		};
		926B4035200494DA0003D88E = {
			isa = PBXGroup;
			children = (
				926B40422004950B0003D88E /* VirtualViewTest */,
				926B40412004950B0003D88E /* Products */,
				3474922AB4A7934267F04AE6 /* Pods */,
				F946CEC039DD6CDBF37C9549 /* Frameworks */,
			);
			sourceTree = "<group>";
		};
		926B40412004950B0003D88E /* Products */ = {
			isa = PBXGroup;
			children = (
				926B40402004950B0003D88E /* VirtualViewTest.xctest */,
			);
			name = Products;
			sourceTree = "<group>";
		};
		926B40422004950B0003D88E /* VirtualViewTest */ = {
			isa = PBXGroup;
			children = (
				926CFAB1200760B4003C0BCE /* Resources */,
				926B40432004950B0003D88E /* BinaryReaderTest.m */,
				926CFAC52008BDCB003C0BCE /* BinaryLoaderTest.m */,
				926CFAD7200CCC30003C0BCE /* TemplateManagerTest.m */,
				926B40452004950B0003D88E /* Info.plist */,
			);
			path = VirtualViewTest;
			sourceTree = "<group>";
		};
		926CFAB1200760B4003C0BCE /* Resources */ = {
			isa = PBXGroup;
			children = (
				926CFACE200CCBDE003C0BCE /* NImage.out */,
				926CFACC200CCBDE003C0BCE /* NLine.out */,
				926CFACF200CCBDE003C0BCE /* NText.out */,
				926CFAC9200CCBDE003C0BCE /* Progress.out */,
				926CFACB200CCBDE003C0BCE /* FrameLayout.out */,
				926CFACA200CCBDE003C0BCE /* RatioLayout.out */,
				926CFACD200CCBDE003C0BCE /* VHLayout.out */,
				926CFAC72008BE25003C0BCE /* icon.out */,
			);
			path = Resources;
			sourceTree = "<group>";
		};
		F946CEC039DD6CDBF37C9549 /* Frameworks */ = {
			isa = PBXGroup;
			children = (
				F02F4632E61BA36C34599908 /* libPods-VirtualViewTest.a */,
			);
			name = Frameworks;
			sourceTree = "<group>";
		};
/* End PBXGroup section */

/* Begin PBXNativeTarget section */
		926B403F2004950B0003D88E /* VirtualViewTest */ = {
			isa = PBXNativeTarget;
			buildConfigurationList = 926B40462004950B0003D88E /* Build configuration list for PBXNativeTarget "VirtualViewTest" */;
			buildPhases = (
				2729C46DADE10AC9F56DBA95 /* [CP] Check Pods Manifest.lock */,
				926B403C2004950B0003D88E /* Sources */,
				926B403D2004950B0003D88E /* Frameworks */,
				926B403E2004950B0003D88E /* Resources */,
				098C9784B32AEC8E76AD0B16 /* [CP] Embed Pods Frameworks */,
				C73C5DEEC09B8C7750255E0E /* [CP] Copy Pods Resources */,
			);
			buildRules = (
			);
			dependencies = (
			);
			name = VirtualViewTest;
			productName = VirtualViewTest;
			productReference = 926B40402004950B0003D88E /* VirtualViewTest.xctest */;
			productType = "com.apple.product-type.bundle.unit-test";
		};
/* End PBXNativeTarget section */

/* Begin PBXProject section */
		926B4036200494DA0003D88E /* Project object */ = {
			isa = PBXProject;
			attributes = {
				LastUpgradeCheck = 0920;
				TargetAttributes = {
					926B403F2004950B0003D88E = {
						CreatedOnToolsVersion = 9.2;
						ProvisioningStyle = Automatic;
					};
				};
			};
			buildConfigurationList = 926B4039200494DA0003D88E /* Build configuration list for PBXProject "VirtualViewTest" */;
			compatibilityVersion = "Xcode 8.0";
			developmentRegion = en;
			hasScannedForEncodings = 0;
			knownRegions = (
				en,
			);
			mainGroup = 926B4035200494DA0003D88E;
			productRefGroup = 926B40412004950B0003D88E /* Products */;
			projectDirPath = "";
			projectRoot = "";
			targets = (
				926B403F2004950B0003D88E /* VirtualViewTest */,
			);
		};
/* End PBXProject section */

/* Begin PBXResourcesBuildPhase section */
		926B403E2004950B0003D88E /* Resources */ = {
			isa = PBXResourcesBuildPhase;
			buildActionMask = 2147483647;
			files = (
				926CFAD3200CCBDE003C0BCE /* NLine.out in Resources */,
				926CFAD1200CCBDE003C0BCE /* RatioLayout.out in Resources */,
				926CFAD6200CCBDE003C0BCE /* NText.out in Resources */,
				926CFAD4200CCBDE003C0BCE /* VHLayout.out in Resources */,
				926CFAC82008BE25003C0BCE /* icon.out in Resources */,
				926CFAD2200CCBDE003C0BCE /* FrameLayout.out in Resources */,
				926CFAD0200CCBDE003C0BCE /* Progress.out in Resources */,
				926CFAD5200CCBDE003C0BCE /* NImage.out in Resources */,
			);
			runOnlyForDeploymentPostprocessing = 0;
		};
/* End PBXResourcesBuildPhase section */

/* Begin PBXShellScriptBuildPhase section */
		098C9784B32AEC8E76AD0B16 /* [CP] Embed Pods Frameworks */ = {
			isa = PBXShellScriptBuildPhase;
			buildActionMask = 2147483647;
			files = (
			);
			inputPaths = (
			);
			name = "[CP] Embed Pods Frameworks";
			outputPaths = (
			);
			runOnlyForDeploymentPostprocessing = 0;
			shellPath = /bin/sh;
			shellScript = "\"${SRCROOT}/../Pods/Target Support Files/Pods-VirtualViewTest/Pods-VirtualViewTest-frameworks.sh\"\n";
			showEnvVarsInLog = 0;
		};
		2729C46DADE10AC9F56DBA95 /* [CP] Check Pods Manifest.lock */ = {
			isa = PBXShellScriptBuildPhase;
			buildActionMask = 2147483647;
			files = (
			);
			inputPaths = (
				"${PODS_PODFILE_DIR_PATH}/Podfile.lock",
				"${PODS_ROOT}/Manifest.lock",
			);
			name = "[CP] Check Pods Manifest.lock";
			outputPaths = (
				"$(DERIVED_FILE_DIR)/Pods-VirtualViewTest-checkManifestLockResult.txt",
			);
			runOnlyForDeploymentPostprocessing = 0;
			shellPath = /bin/sh;
			shellScript = "diff \"${PODS_PODFILE_DIR_PATH}/Podfile.lock\" \"${PODS_ROOT}/Manifest.lock\" > /dev/null\nif [ $? != 0 ] ; then\n    # print error to STDERR\n    echo \"error: The sandbox is not in sync with the Podfile.lock. Run 'pod install' or update your CocoaPods installation.\" >&2\n    exit 1\nfi\n# This output is used by Xcode 'outputs' to avoid re-running this script phase.\necho \"SUCCESS\" > \"${SCRIPT_OUTPUT_FILE_0}\"\n";
			showEnvVarsInLog = 0;
		};
		C73C5DEEC09B8C7750255E0E /* [CP] Copy Pods Resources */ = {
			isa = PBXShellScriptBuildPhase;
			buildActionMask = 2147483647;
			files = (
			);
			inputPaths = (
				"${SRCROOT}/../Pods/Target Support Files/Pods-VirtualViewTest/Pods-VirtualViewTest-resources.sh",
				"${PODS_ROOT}/../VirtualView/Resources/widgetCodeList.plist",
			);
			name = "[CP] Copy Pods Resources";
			outputPaths = (
				"${TARGET_BUILD_DIR}/${UNLOCALIZED_RESOURCES_FOLDER_PATH}",
			);
			runOnlyForDeploymentPostprocessing = 0;
			shellPath = /bin/sh;
			shellScript = "\"${SRCROOT}/../Pods/Target Support Files/Pods-VirtualViewTest/Pods-VirtualViewTest-resources.sh\"\n";
			showEnvVarsInLog = 0;
		};
/* End PBXShellScriptBuildPhase section */

/* Begin PBXSourcesBuildPhase section */
		926B403C2004950B0003D88E /* Sources */ = {
			isa = PBXSourcesBuildPhase;
			buildActionMask = 2147483647;
			files = (
				926B40442004950B0003D88E /* BinaryReaderTest.m in Sources */,
				926CFAD8200CCC30003C0BCE /* TemplateManagerTest.m in Sources */,
				926CFAC62008BDCB003C0BCE /* BinaryLoaderTest.m in Sources */,
			);
			runOnlyForDeploymentPostprocessing = 0;
		};
/* End PBXSourcesBuildPhase section */

/* Begin XCBuildConfiguration section */
		926B403A200494DA0003D88E /* Debug */ = {
			isa = XCBuildConfiguration;
			buildSettings = {
				IPHONEOS_DEPLOYMENT_TARGET = 8.0;
			};
			name = Debug;
		};
		926B403B200494DA0003D88E /* Release */ = {
			isa = XCBuildConfiguration;
			buildSettings = {
				IPHONEOS_DEPLOYMENT_TARGET = 8.0;
			};
			name = Release;
		};
		926B40472004950B0003D88E /* Debug */ = {
			isa = XCBuildConfiguration;
			baseConfigurationReference = 6EFC15229C5C269C01727023 /* Pods-VirtualViewTest.debug.xcconfig */;
			buildSettings = {
				ALWAYS_SEARCH_USER_PATHS = NO;
				CLANG_ANALYZER_NONNULL = YES;
				CLANG_ANALYZER_NUMBER_OBJECT_CONVERSION = YES_AGGRESSIVE;
				CLANG_CXX_LANGUAGE_STANDARD = "gnu++14";
				CLANG_CXX_LIBRARY = "libc++";
				CLANG_ENABLE_MODULES = YES;
				CLANG_ENABLE_OBJC_ARC = YES;
				CLANG_WARN_BLOCK_CAPTURE_AUTORELEASING = YES;
				CLANG_WARN_BOOL_CONVERSION = YES;
				CLANG_WARN_COMMA = YES;
				CLANG_WARN_CONSTANT_CONVERSION = YES;
				CLANG_WARN_DIRECT_OBJC_ISA_USAGE = YES_ERROR;
				CLANG_WARN_DOCUMENTATION_COMMENTS = YES;
				CLANG_WARN_EMPTY_BODY = YES;
				CLANG_WARN_ENUM_CONVERSION = YES;
				CLANG_WARN_INFINITE_RECURSION = YES;
				CLANG_WARN_INT_CONVERSION = YES;
				CLANG_WARN_NON_LITERAL_NULL_CONVERSION = YES;
				CLANG_WARN_OBJC_LITERAL_CONVERSION = YES;
				CLANG_WARN_OBJC_ROOT_CLASS = YES_ERROR;
				CLANG_WARN_RANGE_LOOP_ANALYSIS = YES;
				CLANG_WARN_STRICT_PROTOTYPES = YES;
				CLANG_WARN_SUSPICIOUS_MOVE = YES;
				CLANG_WARN_UNGUARDED_AVAILABILITY = YES_AGGRESSIVE;
				CLANG_WARN_UNREACHABLE_CODE = YES;
				CLANG_WARN__DUPLICATE_METHOD_MATCH = YES;
				CODE_SIGN_IDENTITY = "iPhone Developer";
				CODE_SIGN_STYLE = Automatic;
				COPY_PHASE_STRIP = NO;
				DEBUG_INFORMATION_FORMAT = dwarf;
				ENABLE_STRICT_OBJC_MSGSEND = YES;
				ENABLE_TESTABILITY = YES;
				GCC_C_LANGUAGE_STANDARD = gnu11;
				GCC_DYNAMIC_NO_PIC = NO;
				GCC_NO_COMMON_BLOCKS = YES;
				GCC_OPTIMIZATION_LEVEL = 0;
				GCC_PREPROCESSOR_DEFINITIONS = (
					"DEBUG=1",
					"$(inherited)",
				);
				GCC_WARN_64_TO_32_BIT_CONVERSION = YES;
				GCC_WARN_ABOUT_RETURN_TYPE = YES_ERROR;
				GCC_WARN_UNDECLARED_SELECTOR = YES;
				GCC_WARN_UNINITIALIZED_AUTOS = YES_AGGRESSIVE;
				GCC_WARN_UNUSED_FUNCTION = YES;
				GCC_WARN_UNUSED_VARIABLE = YES;
				INFOPLIST_FILE = VirtualViewTest/Info.plist;
				IPHONEOS_DEPLOYMENT_TARGET = 11.2;
				LD_RUNPATH_SEARCH_PATHS = "$(inherited) @executable_path/Frameworks @loader_path/Frameworks";
				MTL_ENABLE_DEBUG_INFO = YES;
				ONLY_ACTIVE_ARCH = YES;
				PRODUCT_BUNDLE_IDENTIFIER = tmall.VirtualViewTest;
				PRODUCT_NAME = "$(TARGET_NAME)";
				SDKROOT = iphoneos;
				TARGETED_DEVICE_FAMILY = "1,2";
			};
			name = Debug;
		};
		926B40482004950B0003D88E /* Release */ = {
			isa = XCBuildConfiguration;
			baseConfigurationReference = 688CD224F6AFCE964D460440 /* Pods-VirtualViewTest.release.xcconfig */;
			buildSettings = {
				ALWAYS_SEARCH_USER_PATHS = NO;
				CLANG_ANALYZER_NONNULL = YES;
				CLANG_ANALYZER_NUMBER_OBJECT_CONVERSION = YES_AGGRESSIVE;
				CLANG_CXX_LANGUAGE_STANDARD = "gnu++14";
				CLANG_CXX_LIBRARY = "libc++";
				CLANG_ENABLE_MODULES = YES;
				CLANG_ENABLE_OBJC_ARC = YES;
				CLANG_WARN_BLOCK_CAPTURE_AUTORELEASING = YES;
				CLANG_WARN_BOOL_CONVERSION = YES;
				CLANG_WARN_COMMA = YES;
				CLANG_WARN_CONSTANT_CONVERSION = YES;
				CLANG_WARN_DIRECT_OBJC_ISA_USAGE = YES_ERROR;
				CLANG_WARN_DOCUMENTATION_COMMENTS = YES;
				CLANG_WARN_EMPTY_BODY = YES;
				CLANG_WARN_ENUM_CONVERSION = YES;
				CLANG_WARN_INFINITE_RECURSION = YES;
				CLANG_WARN_INT_CONVERSION = YES;
				CLANG_WARN_NON_LITERAL_NULL_CONVERSION = YES;
				CLANG_WARN_OBJC_LITERAL_CONVERSION = YES;
				CLANG_WARN_OBJC_ROOT_CLASS = YES_ERROR;
				CLANG_WARN_RANGE_LOOP_ANALYSIS = YES;
				CLANG_WARN_STRICT_PROTOTYPES = YES;
				CLANG_WARN_SUSPICIOUS_MOVE = YES;
				CLANG_WARN_UNGUARDED_AVAILABILITY = YES_AGGRESSIVE;
				CLANG_WARN_UNREACHABLE_CODE = YES;
				CLANG_WARN__DUPLICATE_METHOD_MATCH = YES;
				CODE_SIGN_IDENTITY = "iPhone Developer";
				CODE_SIGN_STYLE = Automatic;
				COPY_PHASE_STRIP = NO;
				DEBUG_INFORMATION_FORMAT = "dwarf-with-dsym";
				ENABLE_NS_ASSERTIONS = NO;
				ENABLE_STRICT_OBJC_MSGSEND = YES;
				GCC_C_LANGUAGE_STANDARD = gnu11;
				GCC_NO_COMMON_BLOCKS = YES;
				GCC_WARN_64_TO_32_BIT_CONVERSION = YES;
				GCC_WARN_ABOUT_RETURN_TYPE = YES_ERROR;
				GCC_WARN_UNDECLARED_SELECTOR = YES;
				GCC_WARN_UNINITIALIZED_AUTOS = YES_AGGRESSIVE;
				GCC_WARN_UNUSED_FUNCTION = YES;
				GCC_WARN_UNUSED_VARIABLE = YES;
				INFOPLIST_FILE = VirtualViewTest/Info.plist;
				IPHONEOS_DEPLOYMENT_TARGET = 11.2;
				LD_RUNPATH_SEARCH_PATHS = "$(inherited) @executable_path/Frameworks @loader_path/Frameworks";
				MTL_ENABLE_DEBUG_INFO = NO;
				PRODUCT_BUNDLE_IDENTIFIER = tmall.VirtualViewTest;
				PRODUCT_NAME = "$(TARGET_NAME)";
				SDKROOT = iphoneos;
				TARGETED_DEVICE_FAMILY = "1,2";
				VALIDATE_PRODUCT = YES;
			};
			name = Release;
		};
/* End XCBuildConfiguration section */

/* Begin XCConfigurationList section */
		926B4039200494DA0003D88E /* Build configuration list for PBXProject "VirtualViewTest" */ = {
			isa = XCConfigurationList;
			buildConfigurations = (
				926B403A200494DA0003D88E /* Debug */,
				926B403B200494DA0003D88E /* Release */,
			);
			defaultConfigurationIsVisible = 0;
			defaultConfigurationName = Release;
		};
		926B40462004950B0003D88E /* Build configuration list for PBXNativeTarget "VirtualViewTest" */ = {
			isa = XCConfigurationList;
			buildConfigurations = (
				926B40472004950B0003D88E /* Debug */,
				926B40482004950B0003D88E /* Release */,
			);
			defaultConfigurationIsVisible = 0;
			defaultConfigurationName = Release;
		};
/* End XCConfigurationList section */
	};
	rootObject = 926B4036200494DA0003D88E /* Project object */;
}
