// !$*UTF8*$!
{
	archiveVersion = 1;
	classes = {
	};
	objectVersion = 46;
	objects = {

/* Begin PBXBuildFile section */
		29CB72C31F17903900792D3B /* NVFoundationView.h in Headers */ = {isa = PBXBuildFile; fileRef = 29CB72AF1F17903900792D3B /* NVFoundationView.h */; settings = {ATTRIBUTES = (Public, ); }; };
		29CB72C41F17903900792D3B /* NVFoundationView.m in Sources */ = {isa = PBXBuildFile; fileRef = 29CB72B01F17903900792D3B /* NVFoundationView.m */; };
		29CB72C51F17903900792D3B /* NVImageView.h in Headers */ = {isa = PBXBuildFile; fileRef = 29CB72B11F17903900792D3B /* NVImageView.h */; settings = {ATTRIBUTES = (Public, ); }; };
		29CB72C61F17903900792D3B /* NVImageView.m in Sources */ = {isa = PBXBuildFile; fileRef = 29CB72B21F17903900792D3B /* NVImageView.m */; };
		29CB72C71F17903900792D3B /* NVTextView.h in Headers */ = {isa = PBXBuildFile; fileRef = 29CB72B31F17903900792D3B /* NVTextView.h */; settings = {ATTRIBUTES = (Public, ); }; };
		29CB72C81F17903900792D3B /* NVTextView.m in Sources */ = {isa = PBXBuildFile; fileRef = 29CB72B41F17903900792D3B /* NVTextView.m */; };
		29CB72C91F17903900792D3B /* VVContainerView.h in Headers */ = {isa = PBXBuildFile; fileRef = 29CB72B51F17903900792D3B /* VVContainerView.h */; settings = {ATTRIBUTES = (Public, ); }; };
		29CB72CA1F17903900792D3B /* VVContainerView.m in Sources */ = {isa = PBXBuildFile; fileRef = 29CB72B61F17903900792D3B /* VVContainerView.m */; };
		29CB72CB1F17903900792D3B /* VVFoundationView.h in Headers */ = {isa = PBXBuildFile; fileRef = 29CB72B71F17903900792D3B /* VVFoundationView.h */; settings = {ATTRIBUTES = (Public, ); }; };
		29CB72CC1F17903900792D3B /* VVFoundationView.m in Sources */ = {isa = PBXBuildFile; fileRef = 29CB72B81F17903900792D3B /* VVFoundationView.m */; };
		29CB72CD1F17903900792D3B /* VVGridView.h in Headers */ = {isa = PBXBuildFile; fileRef = 29CB72B91F17903900792D3B /* VVGridView.h */; settings = {ATTRIBUTES = (Public, ); }; };
		29CB72CE1F17903900792D3B /* VVGridView.m in Sources */ = {isa = PBXBuildFile; fileRef = 29CB72BA1F17903900792D3B /* VVGridView.m */; };
		29CB72CF1F17903900792D3B /* VVImageView.h in Headers */ = {isa = PBXBuildFile; fileRef = 29CB72BB1F17903900792D3B /* VVImageView.h */; settings = {ATTRIBUTES = (Public, ); }; };
		29CB72D01F17903900792D3B /* VVImageView.m in Sources */ = {isa = PBXBuildFile; fileRef = 29CB72BC1F17903900792D3B /* VVImageView.m */; };
		29CB72D11F17903900792D3B /* VVLineView.h in Headers */ = {isa = PBXBuildFile; fileRef = 29CB72BD1F17903900792D3B /* VVLineView.h */; settings = {ATTRIBUTES = (Public, ); }; };
		29CB72D21F17903900792D3B /* VVLineView.m in Sources */ = {isa = PBXBuildFile; fileRef = 29CB72BE1F17903900792D3B /* VVLineView.m */; };
		29CB72D31F17903900792D3B /* VVSliderView.h in Headers */ = {isa = PBXBuildFile; fileRef = 29CB72BF1F17903900792D3B /* VVSliderView.h */; settings = {ATTRIBUTES = (Public, ); }; };
		29CB72D41F17903900792D3B /* VVSliderView.m in Sources */ = {isa = PBXBuildFile; fileRef = 29CB72C01F17903900792D3B /* VVSliderView.m */; };
		29CB72D51F17903900792D3B /* VVTextView.h in Headers */ = {isa = PBXBuildFile; fileRef = 29CB72C11F17903900792D3B /* VVTextView.h */; settings = {ATTRIBUTES = (Public, ); }; };
		29CB72D61F17903900792D3B /* VVTextView.m in Sources */ = {isa = PBXBuildFile; fileRef = 29CB72C21F17903900792D3B /* VVTextView.m */; };
		29CB72DC1F17906300792D3B /* VVCommTools.h in Headers */ = {isa = PBXBuildFile; fileRef = 29CB72D81F17906300792D3B /* VVCommTools.h */; settings = {ATTRIBUTES = (Public, ); }; };
		29CB72DD1F17906300792D3B /* VVCommTools.m in Sources */ = {isa = PBXBuildFile; fileRef = 29CB72D91F17906300792D3B /* VVCommTools.m */; };
		29CB72DE1F17906300792D3B /* VVExpressCode.h in Headers */ = {isa = PBXBuildFile; fileRef = 29CB72DA1F17906300792D3B /* VVExpressCode.h */; settings = {ATTRIBUTES = (Public, ); }; };
		29CB72DF1F17906300792D3B /* VVExpressCode.m in Sources */ = {isa = PBXBuildFile; fileRef = 29CB72DB1F17906300792D3B /* VVExpressCode.m */; };
		29CB72EF1F17909300792D3B /* VVViewContainer.h in Headers */ = {isa = PBXBuildFile; fileRef = 29CB72EB1F17909300792D3B /* VVViewContainer.h */; settings = {ATTRIBUTES = (Public, ); }; };
		29CB72F01F17909300792D3B /* VVViewContainer.m in Sources */ = {isa = PBXBuildFile; fileRef = 29CB72EC1F17909300792D3B /* VVViewContainer.m */; };
		29CB72F11F17909300792D3B /* VVViewFactory.h in Headers */ = {isa = PBXBuildFile; fileRef = 29CB72ED1F17909300792D3B /* VVViewFactory.h */; settings = {ATTRIBUTES = (Public, ); }; };
		29CB72F21F17909300792D3B /* VVViewFactory.m in Sources */ = {isa = PBXBuildFile; fileRef = 29CB72EE1F17909300792D3B /* VVViewFactory.m */; };
		29CB72FE1F1790AC00792D3B /* VVBinaryLoader.h in Headers */ = {isa = PBXBuildFile; fileRef = 29CB72F41F1790AC00792D3B /* VVBinaryLoader.h */; settings = {ATTRIBUTES = (Public, ); }; };
		29CB72FF1F1790AC00792D3B /* VVBinaryLoader.m in Sources */ = {isa = PBXBuildFile; fileRef = 29CB72F51F1790AC00792D3B /* VVBinaryLoader.m */; };
		29CB73001F1790AC00792D3B /* VVCodeReader.h in Headers */ = {isa = PBXBuildFile; fileRef = 29CB72F61F1790AC00792D3B /* VVCodeReader.h */; settings = {ATTRIBUTES = (Public, ); }; };
		29CB73011F1790AC00792D3B /* VVCodeReader.m in Sources */ = {isa = PBXBuildFile; fileRef = 29CB72F71F1790AC00792D3B /* VVCodeReader.m */; };
		29CB73021F1790AC00792D3B /* VVLoader.h in Headers */ = {isa = PBXBuildFile; fileRef = 29CB72F81F1790AC00792D3B /* VVLoader.h */; settings = {ATTRIBUTES = (Public, ); }; };
		29CB73031F1790AC00792D3B /* VVLoader.m in Sources */ = {isa = PBXBuildFile; fileRef = 29CB72F91F1790AC00792D3B /* VVLoader.m */; };
		29CB73041F1790AC00792D3B /* VVStringLoader.h in Headers */ = {isa = PBXBuildFile; fileRef = 29CB72FA1F1790AC00792D3B /* VVStringLoader.h */; settings = {ATTRIBUTES = (Public, ); }; };
		29CB73051F1790AC00792D3B /* VVStringLoader.m in Sources */ = {isa = PBXBuildFile; fileRef = 29CB72FB1F1790AC00792D3B /* VVStringLoader.m */; };
		29CB73061F1790AC00792D3B /* VVUICodeLoader.h in Headers */ = {isa = PBXBuildFile; fileRef = 29CB72FC1F1790AC00792D3B /* VVUICodeLoader.h */; settings = {ATTRIBUTES = (Public, ); }; };
		29CB73071F1790AC00792D3B /* VVUICodeLoader.m in Sources */ = {isa = PBXBuildFile; fileRef = 29CB72FD1F1790AC00792D3B /* VVUICodeLoader.m */; };
		29CB73151F1790D000792D3B /* VVFrameLayout.h in Headers */ = {isa = PBXBuildFile; fileRef = 29CB73091F1790D000792D3B /* VVFrameLayout.h */; settings = {ATTRIBUTES = (Public, ); }; };
		29CB73161F1790D000792D3B /* VVFrameLayout.m in Sources */ = {isa = PBXBuildFile; fileRef = 29CB730A1F1790D000792D3B /* VVFrameLayout.m */; };
		29CB73171F1790D000792D3B /* VVGridLayout.h in Headers */ = {isa = PBXBuildFile; fileRef = 29CB730B1F1790D000792D3B /* VVGridLayout.h */; settings = {ATTRIBUTES = (Public, ); }; };
		29CB73181F1790D000792D3B /* VVGridLayout.m in Sources */ = {isa = PBXBuildFile; fileRef = 29CB730C1F1790D000792D3B /* VVGridLayout.m */; };
		29CB73191F1790D000792D3B /* VVLayout.h in Headers */ = {isa = PBXBuildFile; fileRef = 29CB730D1F1790D000792D3B /* VVLayout.h */; settings = {ATTRIBUTES = (Public, ); }; };
		29CB731A1F1790D000792D3B /* VVLayout.m in Sources */ = {isa = PBXBuildFile; fileRef = 29CB730E1F1790D000792D3B /* VVLayout.m */; };
		29CB731B1F1790D000792D3B /* VVRatioLayout.h in Headers */ = {isa = PBXBuildFile; fileRef = 29CB730F1F1790D000792D3B /* VVRatioLayout.h */; settings = {ATTRIBUTES = (Public, ); }; };
		29CB731C1F1790D000792D3B /* VVRatioLayout.m in Sources */ = {isa = PBXBuildFile; fileRef = 29CB73101F1790D000792D3B /* VVRatioLayout.m */; };
		29CB731D1F1790D000792D3B /* VVVH2Layout.h in Headers */ = {isa = PBXBuildFile; fileRef = 29CB73111F1790D000792D3B /* VVVH2Layout.h */; settings = {ATTRIBUTES = (Public, ); }; };
		29CB731E1F1790D000792D3B /* VVVH2Layout.m in Sources */ = {isa = PBXBuildFile; fileRef = 29CB73121F1790D000792D3B /* VVVH2Layout.m */; };
		29CB731F1F1790D000792D3B /* VVVHLayout.h in Headers */ = {isa = PBXBuildFile; fileRef = 29CB73131F1790D000792D3B /* VVVHLayout.h */; settings = {ATTRIBUTES = (Public, ); }; };
		29CB73201F1790D000792D3B /* VVVHLayout.m in Sources */ = {isa = PBXBuildFile; fileRef = 29CB73141F1790D000792D3B /* VVVHLayout.m */; };
		29CB73261F1790E500792D3B /* VVSystemKey.h in Headers */ = {isa = PBXBuildFile; fileRef = 29CB73221F1790E500792D3B /* VVSystemKey.h */; settings = {ATTRIBUTES = (Public, ); }; };
		29CB73271F1790E500792D3B /* VVSystemKey.m in Sources */ = {isa = PBXBuildFile; fileRef = 29CB73231F1790E500792D3B /* VVSystemKey.m */; };
		29CB73281F1790E500792D3B /* VVViewObject.h in Headers */ = {isa = PBXBuildFile; fileRef = 29CB73241F1790E500792D3B /* VVViewObject.h */; settings = {ATTRIBUTES = (Public, ); }; };
		29CB73291F1790E500792D3B /* VVViewObject.m in Sources */ = {isa = PBXBuildFile; fileRef = 29CB73251F1790E500792D3B /* VVViewObject.m */; };
		3F5CCFA44BCBD79F9FF54EC7 /* libPods-VirtualView.a in Frameworks */ = {isa = PBXBuildFile; fileRef = CF916D86BC2DA74EC2DE7DB1 /* libPods-VirtualView.a */; };
		706397F21F737FE7001A2DC6 /* NVCarouselPageView.h in Headers */ = {isa = PBXBuildFile; fileRef = 706397F01F737FE7001A2DC6 /* NVCarouselPageView.h */; settings = {ATTRIBUTES = (Public, ); }; };
		706397F31F737FE7001A2DC6 /* NVCarouselPageView.m in Sources */ = {isa = PBXBuildFile; fileRef = 706397F11F737FE7001A2DC6 /* NVCarouselPageView.m */; };
		924C93791FC6738700442AE0 /* UIColor+VirtualView.h in Headers */ = {isa = PBXBuildFile; fileRef = 924C93771FC6738700442AE0 /* UIColor+VirtualView.h */; };
		924C937A1FC6738700442AE0 /* UIColor+VirtualView.m in Sources */ = {isa = PBXBuildFile; fileRef = 924C93781FC6738700442AE0 /* UIColor+VirtualView.m */; };
		924C937D1FC6754400442AE0 /* UIView+VirtualView.h in Headers */ = {isa = PBXBuildFile; fileRef = 924C937B1FC6754400442AE0 /* UIView+VirtualView.h */; };
		924C937E1FC6754400442AE0 /* UIView+VirtualView.m in Sources */ = {isa = PBXBuildFile; fileRef = 924C937C1FC6754400442AE0 /* UIView+VirtualView.m */; };
		92C2B2591FBD75230038D315 /* VVVersionModel.h in Headers */ = {isa = PBXBuildFile; fileRef = 92C2B2571FBD75230038D315 /* VVVersionModel.h */; settings = {ATTRIBUTES = (Public, ); }; };
		92C2B25A1FBD75230038D315 /* VVVersionModel.m in Sources */ = {isa = PBXBuildFile; fileRef = 92C2B2581FBD75230038D315 /* VVVersionModel.m */; };
		A37DDF811E8A62DF00E11BD9 /* UIKit.framework in Frameworks */ = {isa = PBXBuildFile; fileRef = A37DDF801E8A62DF00E11BD9 /* UIKit.framework */; };
		A37DDF831E8A62E400E11BD9 /* Foundation.framework in Frameworks */ = {isa = PBXBuildFile; fileRef = A37DDF821E8A62E400E11BD9 /* Foundation.framework */; };
		A669A79D1F42F0C90006A629 /* ic_map_gaode.png in Resources */ = {isa = PBXBuildFile; fileRef = A669A79A1F42F0C90006A629 /* ic_map_gaode.png */; };
		A669A79E1F42F0C90006A629 /* widgetCodeList.plist in Resources */ = {isa = PBXBuildFile; fileRef = A669A79B1F42F0C90006A629 /* widgetCodeList.plist */; };
		A688ECF01F701C5D00FA5434 /* FrameView.h in Headers */ = {isa = PBXBuildFile; fileRef = A688ECEC1F701C5D00FA5434 /* FrameView.h */; settings = {ATTRIBUTES = (Public, ); }; };
		A688ECF11F701C5D00FA5434 /* FrameView.m in Sources */ = {isa = PBXBuildFile; fileRef = A688ECED1F701C5D00FA5434 /* FrameView.m */; };
		A688ECF21F701C5D00FA5434 /* VVPageView.h in Headers */ = {isa = PBXBuildFile; fileRef = A688ECEE1F701C5D00FA5434 /* VVPageView.h */; settings = {ATTRIBUTES = (Public, ); }; };
		A688ECF31F701C5D00FA5434 /* VVPageView.m in Sources */ = {isa = PBXBuildFile; fileRef = A688ECEF1F701C5D00FA5434 /* VVPageView.m */; };
		A69ED8411F8CA50D0088CA9F /* VVNavtiveViewContainer.h in Headers */ = {isa = PBXBuildFile; fileRef = A69ED83F1F8CA50D0088CA9F /* VVNavtiveViewContainer.h */; settings = {ATTRIBUTES = (Public, ); }; };
		A69ED8421F8CA50D0088CA9F /* VVNavtiveViewContainer.m in Sources */ = {isa = PBXBuildFile; fileRef = A69ED8401F8CA50D0088CA9F /* VVNavtiveViewContainer.m */; };
		A6FDBA2A1F3ABFC200D4859C /* NVLineView.m in Sources */ = {isa = PBXBuildFile; fileRef = A6FDBA261F3ABFC200D4859C /* NVLineView.m */; };
		A6FDBA2B1F3ABFC200D4859C /* NVLineView.h in Headers */ = {isa = PBXBuildFile; fileRef = A6FDBA271F3ABFC200D4859C /* NVLineView.h */; settings = {ATTRIBUTES = (Public, ); }; };
		A6FDBA2C1F3ABFC200D4859C /* NVLabel.m in Sources */ = {isa = PBXBuildFile; fileRef = A6FDBA281F3ABFC200D4859C /* NVLabel.m */; };
		A6FDBA2D1F3ABFC200D4859C /* NVLabel.h in Headers */ = {isa = PBXBuildFile; fileRef = A6FDBA291F3ABFC200D4859C /* NVLabel.h */; settings = {ATTRIBUTES = (Public, ); }; };
/* End PBXBuildFile section */

/* Begin PBXFileReference section */
		29CB72AF1F17903900792D3B /* NVFoundationView.h */ = {isa = PBXFileReference; fileEncoding = 4; lastKnownFileType = sourcecode.c.h; name = NVFoundationView.h; path = View/NVFoundationView.h; sourceTree = "<group>"; };
		29CB72B01F17903900792D3B /* NVFoundationView.m */ = {isa = PBXFileReference; fileEncoding = 4; lastKnownFileType = sourcecode.c.objc; name = NVFoundationView.m; path = View/NVFoundationView.m; sourceTree = "<group>"; };
		29CB72B11F17903900792D3B /* NVImageView.h */ = {isa = PBXFileReference; fileEncoding = 4; lastKnownFileType = sourcecode.c.h; name = NVImageView.h; path = View/NVImageView.h; sourceTree = "<group>"; };
		29CB72B21F17903900792D3B /* NVImageView.m */ = {isa = PBXFileReference; fileEncoding = 4; lastKnownFileType = sourcecode.c.objc; name = NVImageView.m; path = View/NVImageView.m; sourceTree = "<group>"; };
		29CB72B31F17903900792D3B /* NVTextView.h */ = {isa = PBXFileReference; fileEncoding = 4; lastKnownFileType = sourcecode.c.h; name = NVTextView.h; path = View/NVTextView.h; sourceTree = "<group>"; };
		29CB72B41F17903900792D3B /* NVTextView.m */ = {isa = PBXFileReference; fileEncoding = 4; lastKnownFileType = sourcecode.c.objc; name = NVTextView.m; path = View/NVTextView.m; sourceTree = "<group>"; };
		29CB72B51F17903900792D3B /* VVContainerView.h */ = {isa = PBXFileReference; fileEncoding = 4; lastKnownFileType = sourcecode.c.h; name = VVContainerView.h; path = View/VVContainerView.h; sourceTree = "<group>"; };
		29CB72B61F17903900792D3B /* VVContainerView.m */ = {isa = PBXFileReference; fileEncoding = 4; lastKnownFileType = sourcecode.c.objc; name = VVContainerView.m; path = View/VVContainerView.m; sourceTree = "<group>"; };
		29CB72B71F17903900792D3B /* VVFoundationView.h */ = {isa = PBXFileReference; fileEncoding = 4; lastKnownFileType = sourcecode.c.h; name = VVFoundationView.h; path = View/VVFoundationView.h; sourceTree = "<group>"; };
		29CB72B81F17903900792D3B /* VVFoundationView.m */ = {isa = PBXFileReference; fileEncoding = 4; lastKnownFileType = sourcecode.c.objc; name = VVFoundationView.m; path = View/VVFoundationView.m; sourceTree = "<group>"; };
		29CB72B91F17903900792D3B /* VVGridView.h */ = {isa = PBXFileReference; fileEncoding = 4; lastKnownFileType = sourcecode.c.h; name = VVGridView.h; path = View/VVGridView.h; sourceTree = "<group>"; };
		29CB72BA1F17903900792D3B /* VVGridView.m */ = {isa = PBXFileReference; fileEncoding = 4; lastKnownFileType = sourcecode.c.objc; name = VVGridView.m; path = View/VVGridView.m; sourceTree = "<group>"; };
		29CB72BB1F17903900792D3B /* VVImageView.h */ = {isa = PBXFileReference; fileEncoding = 4; lastKnownFileType = sourcecode.c.h; name = VVImageView.h; path = View/VVImageView.h; sourceTree = "<group>"; };
		29CB72BC1F17903900792D3B /* VVImageView.m */ = {isa = PBXFileReference; fileEncoding = 4; lastKnownFileType = sourcecode.c.objc; name = VVImageView.m; path = View/VVImageView.m; sourceTree = "<group>"; };
		29CB72BD1F17903900792D3B /* VVLineView.h */ = {isa = PBXFileReference; fileEncoding = 4; lastKnownFileType = sourcecode.c.h; name = VVLineView.h; path = View/VVLineView.h; sourceTree = "<group>"; };
		29CB72BE1F17903900792D3B /* VVLineView.m */ = {isa = PBXFileReference; fileEncoding = 4; lastKnownFileType = sourcecode.c.objc; name = VVLineView.m; path = View/VVLineView.m; sourceTree = "<group>"; };
		29CB72BF1F17903900792D3B /* VVSliderView.h */ = {isa = PBXFileReference; fileEncoding = 4; lastKnownFileType = sourcecode.c.h; name = VVSliderView.h; path = View/VVSliderView.h; sourceTree = "<group>"; };
		29CB72C01F17903900792D3B /* VVSliderView.m */ = {isa = PBXFileReference; fileEncoding = 4; lastKnownFileType = sourcecode.c.objc; name = VVSliderView.m; path = View/VVSliderView.m; sourceTree = "<group>"; };
		29CB72C11F17903900792D3B /* VVTextView.h */ = {isa = PBXFileReference; fileEncoding = 4; lastKnownFileType = sourcecode.c.h; name = VVTextView.h; path = View/VVTextView.h; sourceTree = "<group>"; };
		29CB72C21F17903900792D3B /* VVTextView.m */ = {isa = PBXFileReference; fileEncoding = 4; lastKnownFileType = sourcecode.c.objc; name = VVTextView.m; path = View/VVTextView.m; sourceTree = "<group>"; };
		29CB72D81F17906300792D3B /* VVCommTools.h */ = {isa = PBXFileReference; fileEncoding = 4; lastKnownFileType = sourcecode.c.h; name = VVCommTools.h; path = Tools/VVCommTools.h; sourceTree = "<group>"; };
		29CB72D91F17906300792D3B /* VVCommTools.m */ = {isa = PBXFileReference; fileEncoding = 4; lastKnownFileType = sourcecode.c.objc; name = VVCommTools.m; path = Tools/VVCommTools.m; sourceTree = "<group>"; };
		29CB72DA1F17906300792D3B /* VVExpressCode.h */ = {isa = PBXFileReference; fileEncoding = 4; lastKnownFileType = sourcecode.c.h; name = VVExpressCode.h; path = Tools/VVExpressCode.h; sourceTree = "<group>"; };
		29CB72DB1F17906300792D3B /* VVExpressCode.m */ = {isa = PBXFileReference; fileEncoding = 4; lastKnownFileType = sourcecode.c.objc; name = VVExpressCode.m; path = Tools/VVExpressCode.m; sourceTree = "<group>"; };
		29CB72E41F17907500792D3B /* VirtualView-Info.plist */ = {isa = PBXFileReference; fileEncoding = 4; lastKnownFileType = text.plist.xml; path = "VirtualView-Info.plist"; sourceTree = "<group>"; };
		29CB72E81F17907D00792D3B /* Info.plist */ = {isa = PBXFileReference; fileEncoding = 4; lastKnownFileType = text.plist.xml; path = Info.plist; sourceTree = "<group>"; };
		29CB72EB1F17909300792D3B /* VVViewContainer.h */ = {isa = PBXFileReference; fileEncoding = 4; lastKnownFileType = sourcecode.c.h; name = VVViewContainer.h; path = Manager/VVViewContainer.h; sourceTree = "<group>"; };
		29CB72EC1F17909300792D3B /* VVViewContainer.m */ = {isa = PBXFileReference; fileEncoding = 4; lastKnownFileType = sourcecode.c.objc; name = VVViewContainer.m; path = Manager/VVViewContainer.m; sourceTree = "<group>"; };
		29CB72ED1F17909300792D3B /* VVViewFactory.h */ = {isa = PBXFileReference; fileEncoding = 4; lastKnownFileType = sourcecode.c.h; name = VVViewFactory.h; path = Manager/VVViewFactory.h; sourceTree = "<group>"; };
		29CB72EE1F17909300792D3B /* VVViewFactory.m */ = {isa = PBXFileReference; fileEncoding = 4; lastKnownFileType = sourcecode.c.objc; name = VVViewFactory.m; path = Manager/VVViewFactory.m; sourceTree = "<group>"; };
		29CB72F41F1790AC00792D3B /* VVBinaryLoader.h */ = {isa = PBXFileReference; fileEncoding = 4; lastKnownFileType = sourcecode.c.h; name = VVBinaryLoader.h; path = VirtualView/Loader/VVBinaryLoader.h; sourceTree = "<group>"; };
		29CB72F51F1790AC00792D3B /* VVBinaryLoader.m */ = {isa = PBXFileReference; fileEncoding = 4; lastKnownFileType = sourcecode.c.objc; name = VVBinaryLoader.m; path = VirtualView/Loader/VVBinaryLoader.m; sourceTree = "<group>"; };
		29CB72F61F1790AC00792D3B /* VVCodeReader.h */ = {isa = PBXFileReference; fileEncoding = 4; lastKnownFileType = sourcecode.c.h; name = VVCodeReader.h; path = VirtualView/Loader/VVCodeReader.h; sourceTree = "<group>"; };
		29CB72F71F1790AC00792D3B /* VVCodeReader.m */ = {isa = PBXFileReference; fileEncoding = 4; lastKnownFileType = sourcecode.c.objc; name = VVCodeReader.m; path = VirtualView/Loader/VVCodeReader.m; sourceTree = "<group>"; };
		29CB72F81F1790AC00792D3B /* VVLoader.h */ = {isa = PBXFileReference; fileEncoding = 4; lastKnownFileType = sourcecode.c.h; name = VVLoader.h; path = VirtualView/Loader/VVLoader.h; sourceTree = "<group>"; };
		29CB72F91F1790AC00792D3B /* VVLoader.m */ = {isa = PBXFileReference; fileEncoding = 4; lastKnownFileType = sourcecode.c.objc; name = VVLoader.m; path = VirtualView/Loader/VVLoader.m; sourceTree = "<group>"; };
		29CB72FA1F1790AC00792D3B /* VVStringLoader.h */ = {isa = PBXFileReference; fileEncoding = 4; lastKnownFileType = sourcecode.c.h; name = VVStringLoader.h; path = VirtualView/Loader/VVStringLoader.h; sourceTree = "<group>"; };
		29CB72FB1F1790AC00792D3B /* VVStringLoader.m */ = {isa = PBXFileReference; fileEncoding = 4; lastKnownFileType = sourcecode.c.objc; name = VVStringLoader.m; path = VirtualView/Loader/VVStringLoader.m; sourceTree = "<group>"; };
		29CB72FC1F1790AC00792D3B /* VVUICodeLoader.h */ = {isa = PBXFileReference; fileEncoding = 4; lastKnownFileType = sourcecode.c.h; name = VVUICodeLoader.h; path = VirtualView/Loader/VVUICodeLoader.h; sourceTree = "<group>"; };
		29CB72FD1F1790AC00792D3B /* VVUICodeLoader.m */ = {isa = PBXFileReference; fileEncoding = 4; lastKnownFileType = sourcecode.c.objc; name = VVUICodeLoader.m; path = VirtualView/Loader/VVUICodeLoader.m; sourceTree = "<group>"; };
		29CB73091F1790D000792D3B /* VVFrameLayout.h */ = {isa = PBXFileReference; fileEncoding = 4; lastKnownFileType = sourcecode.c.h; name = VVFrameLayout.h; path = LayoutView/VVFrameLayout.h; sourceTree = "<group>"; };
		29CB730A1F1790D000792D3B /* VVFrameLayout.m */ = {isa = PBXFileReference; fileEncoding = 4; lastKnownFileType = sourcecode.c.objc; name = VVFrameLayout.m; path = LayoutView/VVFrameLayout.m; sourceTree = "<group>"; };
		29CB730B1F1790D000792D3B /* VVGridLayout.h */ = {isa = PBXFileReference; fileEncoding = 4; lastKnownFileType = sourcecode.c.h; name = VVGridLayout.h; path = LayoutView/VVGridLayout.h; sourceTree = "<group>"; };
		29CB730C1F1790D000792D3B /* VVGridLayout.m */ = {isa = PBXFileReference; fileEncoding = 4; lastKnownFileType = sourcecode.c.objc; name = VVGridLayout.m; path = LayoutView/VVGridLayout.m; sourceTree = "<group>"; };
		29CB730D1F1790D000792D3B /* VVLayout.h */ = {isa = PBXFileReference; fileEncoding = 4; lastKnownFileType = sourcecode.c.h; name = VVLayout.h; path = LayoutView/VVLayout.h; sourceTree = "<group>"; };
		29CB730E1F1790D000792D3B /* VVLayout.m */ = {isa = PBXFileReference; fileEncoding = 4; lastKnownFileType = sourcecode.c.objc; name = VVLayout.m; path = LayoutView/VVLayout.m; sourceTree = "<group>"; };
		29CB730F1F1790D000792D3B /* VVRatioLayout.h */ = {isa = PBXFileReference; fileEncoding = 4; lastKnownFileType = sourcecode.c.h; name = VVRatioLayout.h; path = LayoutView/VVRatioLayout.h; sourceTree = "<group>"; };
		29CB73101F1790D000792D3B /* VVRatioLayout.m */ = {isa = PBXFileReference; fileEncoding = 4; lastKnownFileType = sourcecode.c.objc; name = VVRatioLayout.m; path = LayoutView/VVRatioLayout.m; sourceTree = "<group>"; };
		29CB73111F1790D000792D3B /* VVVH2Layout.h */ = {isa = PBXFileReference; fileEncoding = 4; lastKnownFileType = sourcecode.c.h; name = VVVH2Layout.h; path = LayoutView/VVVH2Layout.h; sourceTree = "<group>"; };
		29CB73121F1790D000792D3B /* VVVH2Layout.m */ = {isa = PBXFileReference; fileEncoding = 4; lastKnownFileType = sourcecode.c.objc; name = VVVH2Layout.m; path = LayoutView/VVVH2Layout.m; sourceTree = "<group>"; };
		29CB73131F1790D000792D3B /* VVVHLayout.h */ = {isa = PBXFileReference; fileEncoding = 4; lastKnownFileType = sourcecode.c.h; name = VVVHLayout.h; path = LayoutView/VVVHLayout.h; sourceTree = "<group>"; };
		29CB73141F1790D000792D3B /* VVVHLayout.m */ = {isa = PBXFileReference; fileEncoding = 4; lastKnownFileType = sourcecode.c.objc; name = VVVHLayout.m; path = LayoutView/VVVHLayout.m; sourceTree = "<group>"; };
		29CB73221F1790E500792D3B /* VVSystemKey.h */ = {isa = PBXFileReference; fileEncoding = 4; lastKnownFileType = sourcecode.c.h; name = VVSystemKey.h; path = Core/VVSystemKey.h; sourceTree = "<group>"; };
		29CB73231F1790E500792D3B /* VVSystemKey.m */ = {isa = PBXFileReference; fileEncoding = 4; lastKnownFileType = sourcecode.c.objc; name = VVSystemKey.m; path = Core/VVSystemKey.m; sourceTree = "<group>"; };
		29CB73241F1790E500792D3B /* VVViewObject.h */ = {isa = PBXFileReference; fileEncoding = 4; lastKnownFileType = sourcecode.c.h; name = VVViewObject.h; path = Core/VVViewObject.h; sourceTree = "<group>"; };
		29CB73251F1790E500792D3B /* VVViewObject.m */ = {isa = PBXFileReference; fileEncoding = 4; lastKnownFileType = sourcecode.c.objc; name = VVViewObject.m; path = Core/VVViewObject.m; sourceTree = "<group>"; };
		706397F01F737FE7001A2DC6 /* NVCarouselPageView.h */ = {isa = PBXFileReference; fileEncoding = 4; lastKnownFileType = sourcecode.c.h; name = NVCarouselPageView.h; path = View/NVCarouselPageView.h; sourceTree = "<group>"; };
		706397F11F737FE7001A2DC6 /* NVCarouselPageView.m */ = {isa = PBXFileReference; fileEncoding = 4; lastKnownFileType = sourcecode.c.objc; name = NVCarouselPageView.m; path = View/NVCarouselPageView.m; sourceTree = "<group>"; };
		924C93771FC6738700442AE0 /* UIColor+VirtualView.h */ = {isa = PBXFileReference; fileEncoding = 4; lastKnownFileType = sourcecode.c.h; name = "UIColor+VirtualView.h"; path = "Tools/UIColor+VirtualView.h"; sourceTree = "<group>"; };
		924C93781FC6738700442AE0 /* UIColor+VirtualView.m */ = {isa = PBXFileReference; fileEncoding = 4; lastKnownFileType = sourcecode.c.objc; name = "UIColor+VirtualView.m"; path = "Tools/UIColor+VirtualView.m"; sourceTree = "<group>"; };
		924C937B1FC6754400442AE0 /* UIView+VirtualView.h */ = {isa = PBXFileReference; fileEncoding = 4; lastKnownFileType = sourcecode.c.h; name = "UIView+VirtualView.h"; path = "Tools/UIView+VirtualView.h"; sourceTree = "<group>"; };
		924C937C1FC6754400442AE0 /* UIView+VirtualView.m */ = {isa = PBXFileReference; fileEncoding = 4; lastKnownFileType = sourcecode.c.objc; name = "UIView+VirtualView.m"; path = "Tools/UIView+VirtualView.m"; sourceTree = "<group>"; };
		92C2B2571FBD75230038D315 /* VVVersionModel.h */ = {isa = PBXFileReference; lastKnownFileType = sourcecode.c.h; name = VVVersionModel.h; path = VirtualView/Loader/VVVersionModel.h; sourceTree = "<group>"; };
		92C2B2581FBD75230038D315 /* VVVersionModel.m */ = {isa = PBXFileReference; lastKnownFileType = sourcecode.c.objc; name = VVVersionModel.m; path = VirtualView/Loader/VVVersionModel.m; sourceTree = "<group>"; };
		A37DDF801E8A62DF00E11BD9 /* UIKit.framework */ = {isa = PBXFileReference; lastKnownFileType = wrapper.framework; name = UIKit.framework; path = Platforms/iPhoneOS.platform/Developer/SDKs/iPhoneOS10.2.sdk/System/Library/Frameworks/UIKit.framework; sourceTree = DEVELOPER_DIR; };
		A37DDF821E8A62E400E11BD9 /* Foundation.framework */ = {isa = PBXFileReference; lastKnownFileType = wrapper.framework; name = Foundation.framework; path = Platforms/iPhoneOS.platform/Developer/SDKs/iPhoneOS10.2.sdk/System/Library/Frameworks/Foundation.framework; sourceTree = DEVELOPER_DIR; };
		A59897DC92CF6545F840B999 /* Pods-VirtualView.debug.xcconfig */ = {isa = PBXFileReference; includeInIndex = 1; lastKnownFileType = text.xcconfig; name = "Pods-VirtualView.debug.xcconfig"; path = "Pods/Target Support Files/Pods-VirtualView/Pods-VirtualView.debug.xcconfig"; sourceTree = "<group>"; };
		A669A79A1F42F0C90006A629 /* ic_map_gaode.png */ = {isa = PBXFileReference; lastKnownFileType = image.png; path = ic_map_gaode.png; sourceTree = "<group>"; };
		A669A79B1F42F0C90006A629 /* widgetCodeList.plist */ = {isa = PBXFileReference; fileEncoding = 4; lastKnownFileType = text.plist.xml; path = widgetCodeList.plist; sourceTree = "<group>"; };
		A688ECEC1F701C5D00FA5434 /* FrameView.h */ = {isa = PBXFileReference; fileEncoding = 4; lastKnownFileType = sourcecode.c.h; name = FrameView.h; path = View/FrameView.h; sourceTree = "<group>"; };
		A688ECED1F701C5D00FA5434 /* FrameView.m */ = {isa = PBXFileReference; fileEncoding = 4; lastKnownFileType = sourcecode.c.objc; name = FrameView.m; path = View/FrameView.m; sourceTree = "<group>"; };
		A688ECEE1F701C5D00FA5434 /* VVPageView.h */ = {isa = PBXFileReference; fileEncoding = 4; lastKnownFileType = sourcecode.c.h; name = VVPageView.h; path = View/VVPageView.h; sourceTree = "<group>"; };
		A688ECEF1F701C5D00FA5434 /* VVPageView.m */ = {isa = PBXFileReference; fileEncoding = 4; lastKnownFileType = sourcecode.c.objc; name = VVPageView.m; path = View/VVPageView.m; sourceTree = "<group>"; };
		A69ED83F1F8CA50D0088CA9F /* VVNavtiveViewContainer.h */ = {isa = PBXFileReference; fileEncoding = 4; lastKnownFileType = sourcecode.c.h; name = VVNavtiveViewContainer.h; path = Manager/VVNavtiveViewContainer.h; sourceTree = "<group>"; };
		A69ED8401F8CA50D0088CA9F /* VVNavtiveViewContainer.m */ = {isa = PBXFileReference; fileEncoding = 4; lastKnownFileType = sourcecode.c.objc; name = VVNavtiveViewContainer.m; path = Manager/VVNavtiveViewContainer.m; sourceTree = "<group>"; };
		A6FDBA261F3ABFC200D4859C /* NVLineView.m */ = {isa = PBXFileReference; fileEncoding = 4; lastKnownFileType = sourcecode.c.objc; name = NVLineView.m; path = View/NVLineView.m; sourceTree = "<group>"; };
		A6FDBA271F3ABFC200D4859C /* NVLineView.h */ = {isa = PBXFileReference; fileEncoding = 4; lastKnownFileType = sourcecode.c.h; name = NVLineView.h; path = View/NVLineView.h; sourceTree = "<group>"; };
		A6FDBA281F3ABFC200D4859C /* NVLabel.m */ = {isa = PBXFileReference; fileEncoding = 4; lastKnownFileType = sourcecode.c.objc; name = NVLabel.m; path = View/NVLabel.m; sourceTree = "<group>"; };
		A6FDBA291F3ABFC200D4859C /* NVLabel.h */ = {isa = PBXFileReference; fileEncoding = 4; lastKnownFileType = sourcecode.c.h; name = NVLabel.h; path = View/NVLabel.h; sourceTree = "<group>"; };
		A828CC8BEC43927FF2D75EE2 /* Pods-VirtualView.release.xcconfig */ = {isa = PBXFileReference; includeInIndex = 1; lastKnownFileType = text.xcconfig; name = "Pods-VirtualView.release.xcconfig"; path = "Pods/Target Support Files/Pods-VirtualView/Pods-VirtualView.release.xcconfig"; sourceTree = "<group>"; };
		CF916D86BC2DA74EC2DE7DB1 /* libPods-VirtualView.a */ = {isa = PBXFileReference; explicitFileType = archive.ar; includeInIndex = 0; path = "libPods-VirtualView.a"; sourceTree = BUILT_PRODUCTS_DIR; };
		D85037CF1B9C6D8400864DF0 /* VirtualView.framework */ = {isa = PBXFileReference; explicitFileType = wrapper.framework.static; includeInIndex = 0; path = VirtualView.framework; sourceTree = BUILT_PRODUCTS_DIR; };
		D85037D61B9C6D8400864DF0 /* Info.plist */ = {isa = PBXFileReference; lastKnownFileType = text.plist.xml; path = Info.plist; sourceTree = "<group>"; };
/* End PBXFileReference section */

/* Begin PBXFrameworksBuildPhase section */
		D85037CA1B9C6D8400864DF0 /* Frameworks */ = {
			isa = PBXFrameworksBuildPhase;
			buildActionMask = 2147483647;
			files = (
				A37DDF831E8A62E400E11BD9 /* Foundation.framework in Frameworks */,
				A37DDF811E8A62DF00E11BD9 /* UIKit.framework in Frameworks */,
				3F5CCFA44BCBD79F9FF54EC7 /* libPods-VirtualView.a in Frameworks */,
			);
			runOnlyForDeploymentPostprocessing = 0;
		};
/* End PBXFrameworksBuildPhase section */

/* Begin PBXGroup section */
		19F52259AF8A0E9A684ED98A /* Pods */ = {
			isa = PBXGroup;
			children = (
				A59897DC92CF6545F840B999 /* Pods-VirtualView.debug.xcconfig */,
				A828CC8BEC43927FF2D75EE2 /* Pods-VirtualView.release.xcconfig */,
			);
			name = Pods;
			sourceTree = "<group>";
		};
		29CB72AE1F17902A00792D3B /* View */ = {
			isa = PBXGroup;
			children = (
				706397F01F737FE7001A2DC6 /* NVCarouselPageView.h */,
				706397F11F737FE7001A2DC6 /* NVCarouselPageView.m */,
				A688ECEC1F701C5D00FA5434 /* FrameView.h */,
				A688ECED1F701C5D00FA5434 /* FrameView.m */,
				A688ECEE1F701C5D00FA5434 /* VVPageView.h */,
				A688ECEF1F701C5D00FA5434 /* VVPageView.m */,
				A6FDBA261F3ABFC200D4859C /* NVLineView.m */,
				A6FDBA271F3ABFC200D4859C /* NVLineView.h */,
				A6FDBA281F3ABFC200D4859C /* NVLabel.m */,
				A6FDBA291F3ABFC200D4859C /* NVLabel.h */,
				29CB72AF1F17903900792D3B /* NVFoundationView.h */,
				29CB72B01F17903900792D3B /* NVFoundationView.m */,
				29CB72B11F17903900792D3B /* NVImageView.h */,
				29CB72B21F17903900792D3B /* NVImageView.m */,
				29CB72B31F17903900792D3B /* NVTextView.h */,
				29CB72B41F17903900792D3B /* NVTextView.m */,
				29CB72B51F17903900792D3B /* VVContainerView.h */,
				29CB72B61F17903900792D3B /* VVContainerView.m */,
				29CB72B71F17903900792D3B /* VVFoundationView.h */,
				29CB72B81F17903900792D3B /* VVFoundationView.m */,
				29CB72B91F17903900792D3B /* VVGridView.h */,
				29CB72BA1F17903900792D3B /* VVGridView.m */,
				29CB72BB1F17903900792D3B /* VVImageView.h */,
				29CB72BC1F17903900792D3B /* VVImageView.m */,
				29CB72BD1F17903900792D3B /* VVLineView.h */,
				29CB72BE1F17903900792D3B /* VVLineView.m */,
				29CB72BF1F17903900792D3B /* VVSliderView.h */,
				29CB72C01F17903900792D3B /* VVSliderView.m */,
				29CB72C11F17903900792D3B /* VVTextView.h */,
				29CB72C21F17903900792D3B /* VVTextView.m */,
			);
			name = View;
			sourceTree = "<group>";
		};
		29CB72D71F17905300792D3B /* Tools */ = {
			isa = PBXGroup;
			children = (
				924C937B1FC6754400442AE0 /* UIView+VirtualView.h */,
				924C937C1FC6754400442AE0 /* UIView+VirtualView.m */,
				924C93771FC6738700442AE0 /* UIColor+VirtualView.h */,
				924C93781FC6738700442AE0 /* UIColor+VirtualView.m */,
				29CB72D81F17906300792D3B /* VVCommTools.h */,
				29CB72D91F17906300792D3B /* VVCommTools.m */,
				29CB72DA1F17906300792D3B /* VVExpressCode.h */,
				29CB72DB1F17906300792D3B /* VVExpressCode.m */,
			);
			name = Tools;
			sourceTree = "<group>";
		};
		29CB72EA1F17908400792D3B /* Manager */ = {
			isa = PBXGroup;
			children = (
				A69ED83F1F8CA50D0088CA9F /* VVNavtiveViewContainer.h */,
				A69ED8401F8CA50D0088CA9F /* VVNavtiveViewContainer.m */,
				29CB72EB1F17909300792D3B /* VVViewContainer.h */,
				29CB72EC1F17909300792D3B /* VVViewContainer.m */,
				29CB72ED1F17909300792D3B /* VVViewFactory.h */,
				29CB72EE1F17909300792D3B /* VVViewFactory.m */,
			);
			name = Manager;
			sourceTree = "<group>";
		};
		29CB72F31F17909800792D3B /* Loader */ = {
			isa = PBXGroup;
			children = (
				29CB72F41F1790AC00792D3B /* VVBinaryLoader.h */,
				29CB72F51F1790AC00792D3B /* VVBinaryLoader.m */,
				29CB72F61F1790AC00792D3B /* VVCodeReader.h */,
				29CB72F71F1790AC00792D3B /* VVCodeReader.m */,
				29CB72F81F1790AC00792D3B /* VVLoader.h */,
				29CB72F91F1790AC00792D3B /* VVLoader.m */,
				29CB72FA1F1790AC00792D3B /* VVStringLoader.h */,
				29CB72FB1F1790AC00792D3B /* VVStringLoader.m */,
				29CB72FC1F1790AC00792D3B /* VVUICodeLoader.h */,
				29CB72FD1F1790AC00792D3B /* VVUICodeLoader.m */,
				92C2B2571FBD75230038D315 /* VVVersionModel.h */,
				92C2B2581FBD75230038D315 /* VVVersionModel.m */,
			);
			name = Loader;
			path = ..;
			sourceTree = "<group>";
		};
		29CB73081F1790C100792D3B /* LayoutView */ = {
			isa = PBXGroup;
			children = (
				29CB73091F1790D000792D3B /* VVFrameLayout.h */,
				29CB730A1F1790D000792D3B /* VVFrameLayout.m */,
				29CB730B1F1790D000792D3B /* VVGridLayout.h */,
				29CB730C1F1790D000792D3B /* VVGridLayout.m */,
				29CB730D1F1790D000792D3B /* VVLayout.h */,
				29CB730E1F1790D000792D3B /* VVLayout.m */,
				29CB730F1F1790D000792D3B /* VVRatioLayout.h */,
				29CB73101F1790D000792D3B /* VVRatioLayout.m */,
				29CB73111F1790D000792D3B /* VVVH2Layout.h */,
				29CB73121F1790D000792D3B /* VVVH2Layout.m */,
				29CB73131F1790D000792D3B /* VVVHLayout.h */,
				29CB73141F1790D000792D3B /* VVVHLayout.m */,
			);
			name = LayoutView;
			sourceTree = "<group>";
		};
		29CB73211F1790D900792D3B /* Core */ = {
			isa = PBXGroup;
			children = (
				29CB73221F1790E500792D3B /* VVSystemKey.h */,
				29CB73231F1790E500792D3B /* VVSystemKey.m */,
				29CB73241F1790E500792D3B /* VVViewObject.h */,
				29CB73251F1790E500792D3B /* VVViewObject.m */,
			);
			name = Core;
			sourceTree = "<group>";
		};
		A669A7981F42F0C90006A629 /* Resources */ = {
			isa = PBXGroup;
			children = (
				A669A79A1F42F0C90006A629 /* ic_map_gaode.png */,
				A669A79B1F42F0C90006A629 /* widgetCodeList.plist */,
			);
			path = Resources;
			sourceTree = "<group>";
		};
		D85037C41B9C6D8400864DF0 = {
			isa = PBXGroup;
			children = (
				D85037D41B9C6D8400864DF0 /* VirtualView */,
				D85037D11B9C6D8400864DF0 /* Frameworks */,
				D85037D01B9C6D8400864DF0 /* Products */,
				19F52259AF8A0E9A684ED98A /* Pods */,
			);
			sourceTree = "<group>";
		};
		D85037D01B9C6D8400864DF0 /* Products */ = {
			isa = PBXGroup;
			children = (
				D85037CF1B9C6D8400864DF0 /* VirtualView.framework */,
			);
			name = Products;
			sourceTree = "<group>";
		};
		D85037D11B9C6D8400864DF0 /* Frameworks */ = {
			isa = PBXGroup;
			children = (
				A37DDF821E8A62E400E11BD9 /* Foundation.framework */,
				A37DDF801E8A62DF00E11BD9 /* UIKit.framework */,
				CF916D86BC2DA74EC2DE7DB1 /* libPods-VirtualView.a */,
			);
			name = Frameworks;
			sourceTree = "<group>";
		};
		D85037D41B9C6D8400864DF0 /* VirtualView */ = {
			isa = PBXGroup;
			children = (
				A669A7981F42F0C90006A629 /* Resources */,
				29CB72E41F17907500792D3B /* VirtualView-Info.plist */,
				29CB72E81F17907D00792D3B /* Info.plist */,
				29CB73211F1790D900792D3B /* Core */,
				29CB73081F1790C100792D3B /* LayoutView */,
				29CB72F31F17909800792D3B /* Loader */,
				29CB72EA1F17908400792D3B /* Manager */,
				29CB72D71F17905300792D3B /* Tools */,
				29CB72AE1F17902A00792D3B /* View */,
				D85037D51B9C6D8400864DF0 /* Supporting Files */,
			);
			path = VirtualView;
			sourceTree = "<group>";
		};
		D85037D51B9C6D8400864DF0 /* Supporting Files */ = {
			isa = PBXGroup;
			children = (
				D85037D61B9C6D8400864DF0 /* Info.plist */,
			);
			name = "Supporting Files";
			sourceTree = "<group>";
		};
/* End PBXGroup section */

/* Begin PBXHeadersBuildPhase section */
		D85037CB1B9C6D8400864DF0 /* Headers */ = {
			isa = PBXHeadersBuildPhase;
			buildActionMask = 2147483647;
			files = (
				29CB72C31F17903900792D3B /* NVFoundationView.h in Headers */,
				924C937D1FC6754400442AE0 /* UIView+VirtualView.h in Headers */,
				29CB72EF1F17909300792D3B /* VVViewContainer.h in Headers */,
				29CB731B1F1790D000792D3B /* VVRatioLayout.h in Headers */,
				29CB73061F1790AC00792D3B /* VVUICodeLoader.h in Headers */,
				29CB73151F1790D000792D3B /* VVFrameLayout.h in Headers */,
				29CB731F1F1790D000792D3B /* VVVHLayout.h in Headers */,
				29CB72F11F17909300792D3B /* VVViewFactory.h in Headers */,
				29CB72DE1F17906300792D3B /* VVExpressCode.h in Headers */,
				29CB73281F1790E500792D3B /* VVViewObject.h in Headers */,
				29CB73041F1790AC00792D3B /* VVStringLoader.h in Headers */,
				29CB73171F1790D000792D3B /* VVGridLayout.h in Headers */,
				29CB72DC1F17906300792D3B /* VVCommTools.h in Headers */,
				29CB731D1F1790D000792D3B /* VVVH2Layout.h in Headers */,
				29CB73191F1790D000792D3B /* VVLayout.h in Headers */,
				29CB72FE1F1790AC00792D3B /* VVBinaryLoader.h in Headers */,
				29CB73261F1790E500792D3B /* VVSystemKey.h in Headers */,
				29CB73001F1790AC00792D3B /* VVCodeReader.h in Headers */,
				29CB73021F1790AC00792D3B /* VVLoader.h in Headers */,
				29CB72C91F17903900792D3B /* VVContainerView.h in Headers */,
				29CB72C71F17903900792D3B /* NVTextView.h in Headers */,
				924C93791FC6738700442AE0 /* UIColor+VirtualView.h in Headers */,
				29CB72D31F17903900792D3B /* VVSliderView.h in Headers */,
				29CB72CB1F17903900792D3B /* VVFoundationView.h in Headers */,
				29CB72CF1F17903900792D3B /* VVImageView.h in Headers */,
				29CB72D51F17903900792D3B /* VVTextView.h in Headers */,
				29CB72D11F17903900792D3B /* VVLineView.h in Headers */,
				A6FDBA2D1F3ABFC200D4859C /* NVLabel.h in Headers */,
				A688ECF21F701C5D00FA5434 /* VVPageView.h in Headers */,
				706397F21F737FE7001A2DC6 /* NVCarouselPageView.h in Headers */,
				A688ECF01F701C5D00FA5434 /* FrameView.h in Headers */,
				A6FDBA2B1F3ABFC200D4859C /* NVLineView.h in Headers */,
				29CB72C51F17903900792D3B /* NVImageView.h in Headers */,
				A69ED8411F8CA50D0088CA9F /* VVNavtiveViewContainer.h in Headers */,
				92C2B2591FBD75230038D315 /* VVVersionModel.h in Headers */,
				29CB72CD1F17903900792D3B /* VVGridView.h in Headers */,
			);
			runOnlyForDeploymentPostprocessing = 0;
		};
/* End PBXHeadersBuildPhase section */

/* Begin PBXNativeTarget section */
		D85037CE1B9C6D8400864DF0 /* VirtualView */ = {
			isa = PBXNativeTarget;
			buildConfigurationList = D85037E11B9C6D8500864DF0 /* Build configuration list for PBXNativeTarget "VirtualView" */;
			buildPhases = (
				A924CE55310C89511F9CF893 /* [CP] Check Pods Manifest.lock */,
				D85037C91B9C6D8400864DF0 /* Sources */,
				D85037CA1B9C6D8400864DF0 /* Frameworks */,
				D85037CB1B9C6D8400864DF0 /* Headers */,
				D85037CC1B9C6D8400864DF0 /* Resources */,
				60D83E44929350B01BCAE780 /* [CP] Copy Pods Resources */,
			);
			buildRules = (
			);
			dependencies = (
			);
			name = VirtualView;
			productName = VirtualView;
			productReference = D85037CF1B9C6D8400864DF0 /* VirtualView.framework */;
			productType = "com.apple.product-type.framework.static";
		};
/* End PBXNativeTarget section */

/* Begin PBXProject section */
		D85037C51B9C6D8400864DF0 /* Project object */ = {
			isa = PBXProject;
			attributes = {
				LastUpgradeCheck = 0640;
				ORGANIZATIONNAME = "Taobao lnc.";
				TargetAttributes = {
					D85037CE1B9C6D8400864DF0 = {
						CreatedOnToolsVersion = 6.4;
					};
				};
			};
			buildConfigurationList = D85037C81B9C6D8400864DF0 /* Build configuration list for PBXProject "VirtualView" */;
			compatibilityVersion = "Xcode 3.2";
			developmentRegion = English;
			hasScannedForEncodings = 0;
			knownRegions = (
				en,
			);
			mainGroup = D85037C41B9C6D8400864DF0;
			productRefGroup = D85037D01B9C6D8400864DF0 /* Products */;
			projectDirPath = "";
			projectRoot = "";
			targets = (
				D85037CE1B9C6D8400864DF0 /* VirtualView */,
			);
		};
/* End PBXProject section */

/* Begin PBXResourcesBuildPhase section */
		D85037CC1B9C6D8400864DF0 /* Resources */ = {
			isa = PBXResourcesBuildPhase;
			buildActionMask = 2147483647;
			files = (
				A669A79D1F42F0C90006A629 /* ic_map_gaode.png in Resources */,
				A669A79E1F42F0C90006A629 /* widgetCodeList.plist in Resources */,
			);
			runOnlyForDeploymentPostprocessing = 0;
		};
/* End PBXResourcesBuildPhase section */

/* Begin PBXShellScriptBuildPhase section */
		60D83E44929350B01BCAE780 /* [CP] Copy Pods Resources */ = {
			isa = PBXShellScriptBuildPhase;
			buildActionMask = 2147483647;
			files = (
			);
			inputPaths = (
			);
			name = "[CP] Copy Pods Resources";
			outputPaths = (
			);
			runOnlyForDeploymentPostprocessing = 0;
			shellPath = /bin/sh;
			shellScript = "\"${SRCROOT}/Pods/Target Support Files/Pods-VirtualView/Pods-VirtualView-resources.sh\"\n";
			showEnvVarsInLog = 0;
		};
		A924CE55310C89511F9CF893 /* [CP] Check Pods Manifest.lock */ = {
			isa = PBXShellScriptBuildPhase;
			buildActionMask = 2147483647;
			files = (
			);
			inputPaths = (
				"${PODS_PODFILE_DIR_PATH}/Podfile.lock",
				"${PODS_ROOT}/Manifest.lock",
			);
			name = "[CP] Check Pods Manifest.lock";
			outputPaths = (
				"$(DERIVED_FILE_DIR)/Pods-VirtualView-checkManifestLockResult.txt",
			);
			runOnlyForDeploymentPostprocessing = 0;
			shellPath = /bin/sh;
			shellScript = "diff \"${PODS_PODFILE_DIR_PATH}/Podfile.lock\" \"${PODS_ROOT}/Manifest.lock\" > /dev/null\nif [ $? != 0 ] ; then\n    # print error to STDERR\n    echo \"error: The sandbox is not in sync with the Podfile.lock. Run 'pod install' or update your CocoaPods installation.\" >&2\n    exit 1\nfi\n# This output is used by Xcode 'outputs' to avoid re-running this script phase.\necho \"SUCCESS\" > \"${SCRIPT_OUTPUT_FILE_0}\"\n";
			showEnvVarsInLog = 0;
		};
/* End PBXShellScriptBuildPhase section */

/* Begin PBXSourcesBuildPhase section */
		D85037C91B9C6D8400864DF0 /* Sources */ = {
			isa = PBXSourcesBuildPhase;
			buildActionMask = 2147483647;
			files = (
				29CB72D41F17903900792D3B /* VVSliderView.m in Sources */,
				29CB72C81F17903900792D3B /* NVTextView.m in Sources */,
				29CB72DD1F17906300792D3B /* VVCommTools.m in Sources */,
				924C937A1FC6738700442AE0 /* UIColor+VirtualView.m in Sources */,
				29CB73201F1790D000792D3B /* VVVHLayout.m in Sources */,
				29CB72FF1F1790AC00792D3B /* VVBinaryLoader.m in Sources */,
				29CB73161F1790D000792D3B /* VVFrameLayout.m in Sources */,
				29CB73181F1790D000792D3B /* VVGridLayout.m in Sources */,
				29CB73031F1790AC00792D3B /* VVLoader.m in Sources */,
				A6FDBA2C1F3ABFC200D4859C /* NVLabel.m in Sources */,
				29CB72F01F17909300792D3B /* VVViewContainer.m in Sources */,
				A688ECF31F701C5D00FA5434 /* VVPageView.m in Sources */,
				A6FDBA2A1F3ABFC200D4859C /* NVLineView.m in Sources */,
				29CB72CC1F17903900792D3B /* VVFoundationView.m in Sources */,
				29CB73011F1790AC00792D3B /* VVCodeReader.m in Sources */,
				29CB731C1F1790D000792D3B /* VVRatioLayout.m in Sources */,
				29CB72F21F17909300792D3B /* VVViewFactory.m in Sources */,
				A688ECF11F701C5D00FA5434 /* FrameView.m in Sources */,
				29CB72C61F17903900792D3B /* NVImageView.m in Sources */,
				29CB731E1F1790D000792D3B /* VVVH2Layout.m in Sources */,
				29CB72CA1F17903900792D3B /* VVContainerView.m in Sources */,
				924C937E1FC6754400442AE0 /* UIView+VirtualView.m in Sources */,
				29CB72CE1F17903900792D3B /* VVGridView.m in Sources */,
				92C2B25A1FBD75230038D315 /* VVVersionModel.m in Sources */,
				29CB72C41F17903900792D3B /* NVFoundationView.m in Sources */,
				29CB73051F1790AC00792D3B /* VVStringLoader.m in Sources */,
				29CB73071F1790AC00792D3B /* VVUICodeLoader.m in Sources */,
				29CB72D61F17903900792D3B /* VVTextView.m in Sources */,
				29CB73271F1790E500792D3B /* VVSystemKey.m in Sources */,
				29CB72D21F17903900792D3B /* VVLineView.m in Sources */,
				29CB72D01F17903900792D3B /* VVImageView.m in Sources */,
				29CB72DF1F17906300792D3B /* VVExpressCode.m in Sources */,
				A69ED8421F8CA50D0088CA9F /* VVNavtiveViewContainer.m in Sources */,
				29CB731A1F1790D000792D3B /* VVLayout.m in Sources */,
				706397F31F737FE7001A2DC6 /* NVCarouselPageView.m in Sources */,
				29CB73291F1790E500792D3B /* VVViewObject.m in Sources */,
			);
			runOnlyForDeploymentPostprocessing = 0;
		};
/* End PBXSourcesBuildPhase section */

/* Begin XCBuildConfiguration section */
		D85037DF1B9C6D8500864DF0 /* Debug */ = {
			isa = XCBuildConfiguration;
			buildSettings = {
				ALWAYS_SEARCH_USER_PATHS = NO;
				CLANG_CXX_LANGUAGE_STANDARD = "gnu++0x";
				CLANG_CXX_LIBRARY = "libc++";
				CLANG_ENABLE_MODULES = YES;
				CLANG_ENABLE_OBJC_ARC = YES;
				CLANG_WARN_BOOL_CONVERSION = YES;
				CLANG_WARN_CONSTANT_CONVERSION = YES;
				CLANG_WARN_DIRECT_OBJC_ISA_USAGE = YES_ERROR;
				CLANG_WARN_EMPTY_BODY = YES;
				CLANG_WARN_ENUM_CONVERSION = YES;
				CLANG_WARN_INT_CONVERSION = YES;
				CLANG_WARN_OBJC_ROOT_CLASS = YES_ERROR;
				CLANG_WARN_UNREACHABLE_CODE = YES;
				CLANG_WARN__DUPLICATE_METHOD_MATCH = YES;
				COPY_PHASE_STRIP = NO;
				ENABLE_STRICT_OBJC_MSGSEND = YES;
				GCC_C_LANGUAGE_STANDARD = gnu99;
				GCC_DYNAMIC_NO_PIC = NO;
				GCC_NO_COMMON_BLOCKS = YES;
				GCC_OPTIMIZATION_LEVEL = 0;
				GCC_PREPROCESSOR_DEFINITIONS = (
					"DEBUG=1",
					"$(inherited)",
				);
				GCC_SYMBOLS_PRIVATE_EXTERN = NO;
				GCC_WARN_64_TO_32_BIT_CONVERSION = YES;
				GCC_WARN_ABOUT_RETURN_TYPE = YES_ERROR;
				GCC_WARN_UNDECLARED_SELECTOR = YES;
				GCC_WARN_UNINITIALIZED_AUTOS = YES_AGGRESSIVE;
				GCC_WARN_UNUSED_FUNCTION = YES;
				GCC_WARN_UNUSED_VARIABLE = YES;
				IPHONEOS_DEPLOYMENT_TARGET = 7.0;
				MTL_ENABLE_DEBUG_INFO = YES;
				ONLY_ACTIVE_ARCH = YES;
			};
			name = Debug;
		};
		D85037E01B9C6D8500864DF0 /* Release */ = {
			isa = XCBuildConfiguration;
			buildSettings = {
				ALWAYS_SEARCH_USER_PATHS = NO;
				CLANG_CXX_LANGUAGE_STANDARD = "gnu++0x";
				CLANG_CXX_LIBRARY = "libc++";
				CLANG_ENABLE_MODULES = YES;
				CLANG_ENABLE_OBJC_ARC = YES;
				CLANG_WARN_BOOL_CONVERSION = YES;
				CLANG_WARN_CONSTANT_CONVERSION = YES;
				CLANG_WARN_DIRECT_OBJC_ISA_USAGE = YES_ERROR;
				CLANG_WARN_EMPTY_BODY = YES;
				CLANG_WARN_ENUM_CONVERSION = YES;
				CLANG_WARN_INT_CONVERSION = YES;
				CLANG_WARN_OBJC_ROOT_CLASS = YES_ERROR;
				CLANG_WARN_UNREACHABLE_CODE = YES;
				CLANG_WARN__DUPLICATE_METHOD_MATCH = YES;
				COPY_PHASE_STRIP = NO;
				ENABLE_NS_ASSERTIONS = NO;
				ENABLE_STRICT_OBJC_MSGSEND = YES;
				GCC_C_LANGUAGE_STANDARD = gnu99;
				GCC_NO_COMMON_BLOCKS = YES;
				GCC_WARN_64_TO_32_BIT_CONVERSION = YES;
				GCC_WARN_ABOUT_RETURN_TYPE = YES_ERROR;
				GCC_WARN_UNDECLARED_SELECTOR = YES;
				GCC_WARN_UNINITIALIZED_AUTOS = YES_AGGRESSIVE;
				GCC_WARN_UNUSED_FUNCTION = YES;
				GCC_WARN_UNUSED_VARIABLE = YES;
				IPHONEOS_DEPLOYMENT_TARGET = 7.0;
				MTL_ENABLE_DEBUG_INFO = NO;
			};
			name = Release;
		};
		D85037E21B9C6D8500864DF0 /* Debug */ = {
			isa = XCBuildConfiguration;
			baseConfigurationReference = A59897DC92CF6545F840B999 /* Pods-VirtualView.debug.xcconfig */;
			buildSettings = {
				ARCHS = "$(ARCHS_STANDARD)";
				CLANG_ENABLE_MODULES = NO;
				CLANG_ENABLE_MODULE_DEBUGGING = NO;
				CODE_SIGNING_ALLOWED = NO;
				CODE_SIGNING_REQUIRED = NO;
				DYLIB_COMPATIBILITY_VERSION = 1;
				DYLIB_CURRENT_VERSION = 1;
				FRAMEWORK_SEARCH_PATHS = "$(inherited)";
				FRAMEWORK_VERSION = A;
				GCC_PRECOMPILE_PREFIX_HEADER = YES;
				HEADER_SEARCH_PATHS = "$(inherited)";
				INFOPLIST_FILE = VirtualView/Info.plist;
				INFOPLIST_PATH = "$(FULL_PRODUCT_NAME)/Info.plist";
				IPHONEOS_DEPLOYMENT_TARGET = 7.0;
				LIBRARY_SEARCH_PATHS = "$(inherited)";
				OTHER_CFLAGS = "$(inherited)";
				PRODUCT_NAME = "$(TARGET_NAME)";
				SDKROOT = iphoneos;
				SKIP_INSTALL = YES;
				STRIP_STYLE = "non-global";
				UNLOCALIZED_RESOURCES_FOLDER_PATH = "$(FULL_PRODUCT_NAME)/Resources";
				VALID_ARCHS = "arm64 x86_64 i386 armv7";
				WRAPPER_EXTENSION = framework;
			};
			name = Debug;
		};
		D85037E31B9C6D8500864DF0 /* Release */ = {
			isa = XCBuildConfiguration;
			baseConfigurationReference = A828CC8BEC43927FF2D75EE2 /* Pods-VirtualView.release.xcconfig */;
			buildSettings = {
				ARCHS = "$(ARCHS_STANDARD)";
				CLANG_ENABLE_MODULES = NO;
				CLANG_ENABLE_MODULE_DEBUGGING = NO;
				CODE_SIGNING_ALLOWED = NO;
				CODE_SIGNING_REQUIRED = NO;
				DYLIB_COMPATIBILITY_VERSION = 1;
				DYLIB_CURRENT_VERSION = 1;
				FRAMEWORK_SEARCH_PATHS = "$(inherited)";
				FRAMEWORK_VERSION = A;
				GCC_PRECOMPILE_PREFIX_HEADER = YES;
				HEADER_SEARCH_PATHS = "$(inherited)";
				INFOPLIST_FILE = VirtualView/Info.plist;
				INFOPLIST_PATH = "$(FULL_PRODUCT_NAME)/Info.plist";
				IPHONEOS_DEPLOYMENT_TARGET = 7.0;
				LIBRARY_SEARCH_PATHS = "$(inherited)";
				ONLY_ACTIVE_ARCH = NO;
				OTHER_CFLAGS = "$(inherited)";
				PRODUCT_NAME = "$(TARGET_NAME)";
				SDKROOT = iphoneos;
				SKIP_INSTALL = YES;
				STRIP_STYLE = "non-global";
				UNLOCALIZED_RESOURCES_FOLDER_PATH = "$(FULL_PRODUCT_NAME)/Resources";
				VALID_ARCHS = "arm64 x86_64 i386 armv7";
				WRAPPER_EXTENSION = framework;
			};
			name = Release;
		};
/* End XCBuildConfiguration section */

/* Begin XCConfigurationList section */
		D85037C81B9C6D8400864DF0 /* Build configuration list for PBXProject "VirtualView" */ = {
			isa = XCConfigurationList;
			buildConfigurations = (
				D85037DF1B9C6D8500864DF0 /* Debug */,
				D85037E01B9C6D8500864DF0 /* Release */,
			);
			defaultConfigurationIsVisible = 0;
			defaultConfigurationName = Release;
		};
		D85037E11B9C6D8500864DF0 /* Build configuration list for PBXNativeTarget "VirtualView" */ = {
			isa = XCConfigurationList;
			buildConfigurations = (
				D85037E21B9C6D8500864DF0 /* Debug */,
				D85037E31B9C6D8500864DF0 /* Release */,
			);
			defaultConfigurationIsVisible = 0;
			defaultConfigurationName = Release;
		};
/* End XCConfigurationList section */
	};
	rootObject = D85037C51B9C6D8400864DF0 /* Project object */;
}
